// !$*UTF8*$!
{
	archiveVersion = 1;
	classes = {
	};
	objectVersion = 46;
	objects = {

/* Begin PBXBuildFile section */
		3D154F301AD5BCCD00C2AD82 /* VersusLabel.swift in Sources */ = {isa = PBXBuildFile; fileRef = 3D154F2F1AD5BCCD00C2AD82 /* VersusLabel.swift */; };
		3D56CADF1ACE0B21004759ED /* FXForms.m in Sources */ = {isa = PBXBuildFile; fileRef = 3D56CADB1ACE0B21004759ED /* FXForms.m */; };
		3D56CAE01ACE0B21004759ED /* ISO3166CountryValueTransformer.swift in Sources */ = {isa = PBXBuildFile; fileRef = 3D56CADC1ACE0B21004759ED /* ISO3166CountryValueTransformer.swift */; };
		3D56CAE11ACE0B21004759ED /* RegistrationForm.swift in Sources */ = {isa = PBXBuildFile; fileRef = 3D56CADD1ACE0B21004759ED /* RegistrationForm.swift */; };
		3D56CAE21ACE0B21004759ED /* RegistrationFormViewController.swift in Sources */ = {isa = PBXBuildFile; fileRef = 3D56CADE1ACE0B21004759ED /* RegistrationFormViewController.swift */; };
		3D56CAE41ACE0CB3004759ED /* RegisterFormViewController.swift in Sources */ = {isa = PBXBuildFile; fileRef = 3D56CAE31ACE0CB3004759ED /* RegisterFormViewController.swift */; };
		3D56CAE61ACE0CE0004759ED /* RegisterForm.swift in Sources */ = {isa = PBXBuildFile; fileRef = 3D56CAE51ACE0CE0004759ED /* RegisterForm.swift */; };
		3D8482AC1ACB2FAB00D663DF /* Colors.swift in Sources */ = {isa = PBXBuildFile; fileRef = 3D8482AB1ACB2FAB00D663DF /* Colors.swift */; };
		3D8482BE1ACB74F300D663DF /* AvatarImageView.swift in Sources */ = {isa = PBXBuildFile; fileRef = 3D8482B81ACB74F300D663DF /* AvatarImageView.swift */; };
		3D8482BF1ACB74F300D663DF /* FXBlurView.m in Sources */ = {isa = PBXBuildFile; fileRef = 3D8482BA1ACB74F300D663DF /* FXBlurView.m */; };
		3D8482C01ACB74F300D663DF /* VersusViewController.swift in Sources */ = {isa = PBXBuildFile; fileRef = 3D8482BB1ACB74F300D663DF /* VersusViewController.swift */; };
		3D8482C11ACB74F300D663DF /* TWTButton.swift in Sources */ = {isa = PBXBuildFile; fileRef = 3D8482BD1ACB74F300D663DF /* TWTButton.swift */; };
		3D8482C31ACB790D00D663DF /* LocateButton.swift in Sources */ = {isa = PBXBuildFile; fileRef = 3D8482C21ACB790D00D663DF /* LocateButton.swift */; };
		3D8482C71ACC2D7D00D663DF /* YLProgressBar.m in Sources */ = {isa = PBXBuildFile; fileRef = 3D8482C61ACC2D7D00D663DF /* YLProgressBar.m */; };
		3DAE5B081AD46559004892CC /* punch.wav in Resources */ = {isa = PBXBuildFile; fileRef = 3DAE5B071AD46559004892CC /* punch.wav */; };
		3DAE5B0A1AD4661B004892CC /* SoundAPI.swift in Sources */ = {isa = PBXBuildFile; fileRef = 3DAE5B091AD4661B004892CC /* SoundAPI.swift */; };
		3DAE5B0F1AD468A4004892CC /* meatSlap.aif in Resources */ = {isa = PBXBuildFile; fileRef = 3DAE5B0C1AD468A4004892CC /* meatSlap.aif */; };
		3DAE5B101AD468A4004892CC /* Slap.mp3 in Resources */ = {isa = PBXBuildFile; fileRef = 3DAE5B0D1AD468A4004892CC /* Slap.mp3 */; };
		3DAE5B111AD468A4004892CC /* slapFight.wav in Resources */ = {isa = PBXBuildFile; fileRef = 3DAE5B0E1AD468A4004892CC /* slapFight.wav */; };
		3DAE5B131AD46A97004892CC /* RandomArray.swift in Sources */ = {isa = PBXBuildFile; fileRef = 3DAE5B121AD46A97004892CC /* RandomArray.swift */; };
		3DAE5B151AD46C90004892CC /* Shapes.swift in Sources */ = {isa = PBXBuildFile; fileRef = 3DAE5B141AD46C90004892CC /* Shapes.swift */; };
		3DB6907A1AD1B297007EFCEF /* MSDynamicsDrawerStyler.m in Sources */ = {isa = PBXBuildFile; fileRef = 3DB690761AD1B297007EFCEF /* MSDynamicsDrawerStyler.m */; };
		3DB6907B1AD1B297007EFCEF /* MSDynamicsDrawerViewController.m in Sources */ = {isa = PBXBuildFile; fileRef = 3DB690791AD1B297007EFCEF /* MSDynamicsDrawerViewController.m */; };
		3DB6DEE61AC993620020497B /* AppDelegate.swift in Sources */ = {isa = PBXBuildFile; fileRef = 3DB6DEE51AC993620020497B /* AppDelegate.swift */; };
		3DB6DEE81AC993620020497B /* ViewController.swift in Sources */ = {isa = PBXBuildFile; fileRef = 3DB6DEE71AC993620020497B /* ViewController.swift */; };
		3DB6DEEB1AC993620020497B /* Old.storyboard in Resources */ = {isa = PBXBuildFile; fileRef = 3DB6DEE91AC993620020497B /* Old.storyboard */; };
		3DB6DEED1AC993620020497B /* Images.xcassets in Resources */ = {isa = PBXBuildFile; fileRef = 3DB6DEEC1AC993620020497B /* Images.xcassets */; };
		3DB6DEF01AC993620020497B /* LaunchScreen.xib in Resources */ = {isa = PBXBuildFile; fileRef = 3DB6DEEE1AC993620020497B /* LaunchScreen.xib */; };
		3DB6DEFC1AC993620020497B /* HitThatTests.swift in Sources */ = {isa = PBXBuildFile; fileRef = 3DB6DEFB1AC993620020497B /* HitThatTests.swift */; };
		3DB6DF0B1AC994880020497B /* Bolts.framework in Frameworks */ = {isa = PBXBuildFile; fileRef = 3DB6DF051AC994880020497B /* Bolts.framework */; };
		3DB6DF0C1AC994880020497B /* FacebookSDK.framework in Frameworks */ = {isa = PBXBuildFile; fileRef = 3DB6DF061AC994880020497B /* FacebookSDK.framework */; };
		3DB6DF0D1AC994880020497B /* Parse.framework in Frameworks */ = {isa = PBXBuildFile; fileRef = 3DB6DF071AC994880020497B /* Parse.framework */; };
		3DB6DF0E1AC994880020497B /* ParseCrashReporting.framework in Frameworks */ = {isa = PBXBuildFile; fileRef = 3DB6DF081AC994880020497B /* ParseCrashReporting.framework */; };
		3DB6DF0F1AC994880020497B /* ParseFacebookUtils.framework in Frameworks */ = {isa = PBXBuildFile; fileRef = 3DB6DF091AC994880020497B /* ParseFacebookUtils.framework */; };
		3DB6DF101AC994880020497B /* ParseUI.framework in Frameworks */ = {isa = PBXBuildFile; fileRef = 3DB6DF0A1AC994880020497B /* ParseUI.framework */; };
		3DB6DF131AC995010020497B /* libsqlite3.dylib in Frameworks */ = {isa = PBXBuildFile; fileRef = 3DB6DF121AC995010020497B /* libsqlite3.dylib */; };
		3DB6DF151AC9950B0020497B /* libz.dylib in Frameworks */ = {isa = PBXBuildFile; fileRef = 3DB6DF141AC9950B0020497B /* libz.dylib */; };
		3DB6DF171AC995170020497B /* SystemConfiguration.framework in Frameworks */ = {isa = PBXBuildFile; fileRef = 3DB6DF161AC995170020497B /* SystemConfiguration.framework */; };
		3DB6DF191AC995200020497B /* StoreKit.framework in Frameworks */ = {isa = PBXBuildFile; fileRef = 3DB6DF181AC995200020497B /* StoreKit.framework */; };
		3DB6DF1B1AC9952A0020497B /* Security.framework in Frameworks */ = {isa = PBXBuildFile; fileRef = 3DB6DF1A1AC9952A0020497B /* Security.framework */; };
		3DB6DF1D1AC995330020497B /* QuartzCore.framework in Frameworks */ = {isa = PBXBuildFile; fileRef = 3DB6DF1C1AC995330020497B /* QuartzCore.framework */; };
		3DB6DF1F1AC9953D0020497B /* MobileCoreServices.framework in Frameworks */ = {isa = PBXBuildFile; fileRef = 3DB6DF1E1AC9953D0020497B /* MobileCoreServices.framework */; };
		3DB6DF211AC995480020497B /* CoreLocation.framework in Frameworks */ = {isa = PBXBuildFile; fileRef = 3DB6DF201AC995480020497B /* CoreLocation.framework */; };
		3DB6DF231AC995550020497B /* CoreGraphics.framework in Frameworks */ = {isa = PBXBuildFile; fileRef = 3DB6DF221AC995550020497B /* CoreGraphics.framework */; };
		3DB6DF251AC995610020497B /* CFNetwork.framework in Frameworks */ = {isa = PBXBuildFile; fileRef = 3DB6DF241AC995610020497B /* CFNetwork.framework */; };
		3DB6DF271AC9956A0020497B /* AudioToolbox.framework in Frameworks */ = {isa = PBXBuildFile; fileRef = 3DB6DF261AC9956A0020497B /* AudioToolbox.framework */; };
		3DB6DF531AC9AEDA0020497B /* AnnotationView.swift in Sources */ = {isa = PBXBuildFile; fileRef = 3DB6DF2B1AC9AED90020497B /* AnnotationView.swift */; };
		3DB6DF541AC9AEDA0020497B /* BezierPathsView.swift in Sources */ = {isa = PBXBuildFile; fileRef = 3DB6DF2C1AC9AED90020497B /* BezierPathsView.swift */; };
		3DB6DF551AC9AEDA0020497B /* BouncerBehavior.swift in Sources */ = {isa = PBXBuildFile; fileRef = 3DB6DF2D1AC9AED90020497B /* BouncerBehavior.swift */; };
		3DB6DF561AC9AEDA0020497B /* BouncerViewController.swift in Sources */ = {isa = PBXBuildFile; fileRef = 3DB6DF2E1AC9AED90020497B /* BouncerViewController.swift */; };
		3DB6DF571AC9AEDA0020497B /* CardView.swift in Sources */ = {isa = PBXBuildFile; fileRef = 3DB6DF2F1AC9AED90020497B /* CardView.swift */; };
		3DB6DF581AC9AEDA0020497B /* Constants.swift in Sources */ = {isa = PBXBuildFile; fileRef = 3DB6DF301AC9AED90020497B /* Constants.swift */; };
		3DB6DF591AC9AEDA0020497B /* DataViewController.swift in Sources */ = {isa = PBXBuildFile; fileRef = 3DB6DF311AC9AED90020497B /* DataViewController.swift */; };
		3DB6DF5A1AC9AEDA0020497B /* DropitBehavior.swift in Sources */ = {isa = PBXBuildFile; fileRef = 3DB6DF321AC9AED90020497B /* DropitBehavior.swift */; };
		3DB6DF5B1AC9AEDA0020497B /* DropitViewController.swift in Sources */ = {isa = PBXBuildFile; fileRef = 3DB6DF331AC9AED90020497B /* DropitViewController.swift */; };
		3DB6DF5C1AC9AEDA0020497B /* facebookLogIn.swift in Sources */ = {isa = PBXBuildFile; fileRef = 3DB6DF341AC9AED90020497B /* facebookLogIn.swift */; };
		3DB6DF5D1AC9AEDA0020497B /* FightsTableViewCell.swift in Sources */ = {isa = PBXBuildFile; fileRef = 3DB6DF351AC9AED90020497B /* FightsTableViewCell.swift */; };
		3DB6DF5E1AC9AEDA0020497B /* FightsTableViewController.swift in Sources */ = {isa = PBXBuildFile; fileRef = 3DB6DF361AC9AED90020497B /* FightsTableViewController.swift */; };
		3DB6DF601AC9AEDA0020497B /* GangBangBehavior.swift in Sources */ = {isa = PBXBuildFile; fileRef = 3DB6DF381AC9AED90020497B /* GangBangBehavior.swift */; };
		3DB6DF611AC9AEDA0020497B /* GangBangViewController.swift in Sources */ = {isa = PBXBuildFile; fileRef = 3DB6DF391AC9AED90020497B /* GangBangViewController.swift */; };
		3DB6DF621AC9AEDA0020497B /* GenericProfileViewController.swift in Sources */ = {isa = PBXBuildFile; fileRef = 3DB6DF3A1AC9AED90020497B /* GenericProfileViewController.swift */; };
		3DB6DF651AC9AEDA0020497B /* MainNavigationController.swift in Sources */ = {isa = PBXBuildFile; fileRef = 3DB6DF3D1AC9AED90020497B /* MainNavigationController.swift */; };
		3DB6DF661AC9AEDA0020497B /* MainTableViewCell.swift in Sources */ = {isa = PBXBuildFile; fileRef = 3DB6DF3E1AC9AED90020497B /* MainTableViewCell.swift */; };
		3DB6DF671AC9AEDA0020497B /* MainTableViewController.swift in Sources */ = {isa = PBXBuildFile; fileRef = 3DB6DF3F1AC9AED90020497B /* MainTableViewController.swift */; };
		3DB6DF691AC9AEDA0020497B /* MainViewController.swift in Sources */ = {isa = PBXBuildFile; fileRef = 3DB6DF411AC9AED90020497B /* MainViewController.swift */; };
		3DB6DF6A1AC9AEDA0020497B /* MapViewController.swift in Sources */ = {isa = PBXBuildFile; fileRef = 3DB6DF421AC9AED90020497B /* MapViewController.swift */; };
		3DB6DF6B1AC9AEDA0020497B /* MKUser.swift in Sources */ = {isa = PBXBuildFile; fileRef = 3DB6DF431AC9AED90020497B /* MKUser.swift */; };
		3DB6DF6C1AC9AEDA0020497B /* ModelController.swift in Sources */ = {isa = PBXBuildFile; fileRef = 3DB6DF441AC9AED90020497B /* ModelController.swift */; };
		3DB6DF6D1AC9AEDA0020497B /* MyProfileViewController.swift in Sources */ = {isa = PBXBuildFile; fileRef = 3DB6DF451AC9AED90020497B /* MyProfileViewController.swift */; };
		3DB6DF6E1AC9AEDA0020497B /* PostViewController.swift in Sources */ = {isa = PBXBuildFile; fileRef = 3DB6DF461AC9AED90020497B /* PostViewController.swift */; };
		3DB6DF6F1AC9AEDA0020497B /* RegisterViewController.swift in Sources */ = {isa = PBXBuildFile; fileRef = 3DB6DF471AC9AED90020497B /* RegisterViewController.swift */; };
		3DB6DF701AC9AEDA0020497B /* RootViewController.swift in Sources */ = {isa = PBXBuildFile; fileRef = 3DB6DF481AC9AED90020497B /* RootViewController.swift */; };
		3DB6DF711AC9AEDA0020497B /* ScoreViewController.swift in Sources */ = {isa = PBXBuildFile; fileRef = 3DB6DF491AC9AED90020497B /* ScoreViewController.swift */; };
		3DB6DF721AC9AEDA0020497B /* SettingsViewController.swift in Sources */ = {isa = PBXBuildFile; fileRef = 3DB6DF4A1AC9AED90020497B /* SettingsViewController.swift */; };
		3DB6DF731AC9AEDA0020497B /* SinglePostViewController.swift in Sources */ = {isa = PBXBuildFile; fileRef = 3DB6DF4B1AC9AED90020497B /* SinglePostViewController.swift */; };
		3DB6DF741AC9AEDA0020497B /* SnatchedViewController.swift in Sources */ = {isa = PBXBuildFile; fileRef = 3DB6DF4C1AC9AED90020497B /* SnatchedViewController.swift */; };
		3DB6DF751AC9AEDA0020497B /* SnatchesTableViewCell.swift in Sources */ = {isa = PBXBuildFile; fileRef = 3DB6DF4D1AC9AED90020497B /* SnatchesTableViewCell.swift */; };
		3DB6DF761AC9AEDA0020497B /* SnatchesTableViewController.swift in Sources */ = {isa = PBXBuildFile; fileRef = 3DB6DF4E1AC9AED90020497B /* SnatchesTableViewController.swift */; };
		3DB6DF781AC9AEDA0020497B /* ParseAPI.swift in Sources */ = {isa = PBXBuildFile; fileRef = 3DB6DF501AC9AED90020497B /* ParseAPI.swift */; };
		3DB6DF791AC9AEDA0020497B /* SwipeViewController.swift in Sources */ = {isa = PBXBuildFile; fileRef = 3DB6DF511AC9AED90020497B /* SwipeViewController.swift */; };
		3DB6DF7A1AC9AEDA0020497B /* TabBarController.swift in Sources */ = {isa = PBXBuildFile; fileRef = 3DB6DF521AC9AED90020497B /* TabBarController.swift */; };
		3DB6DF801AC9AEF40020497B /* ZLPanGestureRecognizer.m in Sources */ = {isa = PBXBuildFile; fileRef = 3DB6DF7D1AC9AEF40020497B /* ZLPanGestureRecognizer.m */; };
		3DB6DF811AC9AEF40020497B /* ZLSwipeableView.m in Sources */ = {isa = PBXBuildFile; fileRef = 3DB6DF7F1AC9AEF40020497B /* ZLSwipeableView.m */; };
		3DBA111D1AD4379500A4EF75 /* AVFoundation.framework in Frameworks */ = {isa = PBXBuildFile; fileRef = 3DBA111C1AD4379500A4EF75 /* AVFoundation.framework */; };
		3DBA11521AD4393700A4EF75 /* beep-attention.aif in Resources */ = {isa = PBXBuildFile; fileRef = 3DBA11201AD4393700A4EF75 /* beep-attention.aif */; };
		3DBA11531AD4393700A4EF75 /* beep-bop.aif in Resources */ = {isa = PBXBuildFile; fileRef = 3DBA11211AD4393700A4EF75 /* beep-bop.aif */; };
		3DBA11541AD4393700A4EF75 /* beep-brightpop.aif in Resources */ = {isa = PBXBuildFile; fileRef = 3DBA11221AD4393700A4EF75 /* beep-brightpop.aif */; };
		3DBA11551AD4393700A4EF75 /* beep-glitchy.aif in Resources */ = {isa = PBXBuildFile; fileRef = 3DBA11231AD4393700A4EF75 /* beep-glitchy.aif */; };
		3DBA11561AD4393700A4EF75 /* beep-hightone.aif in Resources */ = {isa = PBXBuildFile; fileRef = 3DBA11241AD4393700A4EF75 /* beep-hightone.aif */; };
		3DBA11571AD4393700A4EF75 /* beep-holdtone.aif in Resources */ = {isa = PBXBuildFile; fileRef = 3DBA11251AD4393700A4EF75 /* beep-holdtone.aif */; };
		3DBA11581AD4393700A4EF75 /* beep-horn.aif in Resources */ = {isa = PBXBuildFile; fileRef = 3DBA11261AD4393700A4EF75 /* beep-horn.aif */; };
		3DBA11591AD4393700A4EF75 /* beep-metallic.aif in Resources */ = {isa = PBXBuildFile; fileRef = 3DBA11271AD4393700A4EF75 /* beep-metallic.aif */; };
		3DBA115A1AD4393700A4EF75 /* beep-organ.aif in Resources */ = {isa = PBXBuildFile; fileRef = 3DBA11281AD4393700A4EF75 /* beep-organ.aif */; };
		3DBA115B1AD4393700A4EF75 /* beep-piano.aif in Resources */ = {isa = PBXBuildFile; fileRef = 3DBA11291AD4393700A4EF75 /* beep-piano.aif */; };
		3DBA115C1AD4393700A4EF75 /* beep-plucked.aif in Resources */ = {isa = PBXBuildFile; fileRef = 3DBA112A1AD4393700A4EF75 /* beep-plucked.aif */; };
		3DBA115D1AD4393700A4EF75 /* beep-reedy.aif in Resources */ = {isa = PBXBuildFile; fileRef = 3DBA112B1AD4393700A4EF75 /* beep-reedy.aif */; };
		3DBA115E1AD4393700A4EF75 /* beep-rejected.aif in Resources */ = {isa = PBXBuildFile; fileRef = 3DBA112C1AD4393700A4EF75 /* beep-rejected.aif */; };
		3DBA115F1AD4393700A4EF75 /* beep-roadblock.aif in Resources */ = {isa = PBXBuildFile; fileRef = 3DBA112D1AD4393700A4EF75 /* beep-roadblock.aif */; };
		3DBA11601AD4393700A4EF75 /* beep-scrapy.aif in Resources */ = {isa = PBXBuildFile; fileRef = 3DBA112E1AD4393700A4EF75 /* beep-scrapy.aif */; };
		3DBA11611AD4393700A4EF75 /* beep-scratchy.aif in Resources */ = {isa = PBXBuildFile; fileRef = 3DBA112F1AD4393700A4EF75 /* beep-scratchy.aif */; };
		3DBA11621AD4393700A4EF75 /* beep-sharpstring.aif in Resources */ = {isa = PBXBuildFile; fileRef = 3DBA11301AD4393700A4EF75 /* beep-sharpstring.aif */; };
		3DBA11631AD4393700A4EF75 /* beep-shinymetal.aif in Resources */ = {isa = PBXBuildFile; fileRef = 3DBA11311AD4393700A4EF75 /* beep-shinymetal.aif */; };
		3DBA11641AD4393700A4EF75 /* beep-tapped.aif in Resources */ = {isa = PBXBuildFile; fileRef = 3DBA11321AD4393700A4EF75 /* beep-tapped.aif */; };
		3DBA11651AD4393700A4EF75 /* beep-timber.aif in Resources */ = {isa = PBXBuildFile; fileRef = 3DBA11331AD4393700A4EF75 /* beep-timber.aif */; };
		3DBA11661AD4393700A4EF75 /* beep-warmguitar.aif in Resources */ = {isa = PBXBuildFile; fileRef = 3DBA11341AD4393700A4EF75 /* beep-warmguitar.aif */; };
		3DBA11671AD4393700A4EF75 /* beep-xylo.aif in Resources */ = {isa = PBXBuildFile; fileRef = 3DBA11351AD4393700A4EF75 /* beep-xylo.aif */; };
		3DBA11681AD4393700A4EF75 /* slide-magic.aif in Resources */ = {isa = PBXBuildFile; fileRef = 3DBA11371AD4393700A4EF75 /* slide-magic.aif */; };
		3DBA11691AD4393700A4EF75 /* slide-metal.aif in Resources */ = {isa = PBXBuildFile; fileRef = 3DBA11381AD4393700A4EF75 /* slide-metal.aif */; };
		3DBA116A1AD4393700A4EF75 /* slide-network.aif in Resources */ = {isa = PBXBuildFile; fileRef = 3DBA11391AD4393700A4EF75 /* slide-network.aif */; };
		3DBA116B1AD4393700A4EF75 /* slide-paper.aif in Resources */ = {isa = PBXBuildFile; fileRef = 3DBA113A1AD4393700A4EF75 /* slide-paper.aif */; };
		3DBA116C1AD4393700A4EF75 /* slide-rock.aif in Resources */ = {isa = PBXBuildFile; fileRef = 3DBA113B1AD4393700A4EF75 /* slide-rock.aif */; };
		3DBA116D1AD4393700A4EF75 /* slide-scissors.aif in Resources */ = {isa = PBXBuildFile; fileRef = 3DBA113C1AD4393700A4EF75 /* slide-scissors.aif */; };
		3DBA116E1AD4393700A4EF75 /* tap-crisp.aif in Resources */ = {isa = PBXBuildFile; fileRef = 3DBA113E1AD4393700A4EF75 /* tap-crisp.aif */; };
		3DBA116F1AD4393700A4EF75 /* tap-double.aif in Resources */ = {isa = PBXBuildFile; fileRef = 3DBA113F1AD4393700A4EF75 /* tap-double.aif */; };
		3DBA11701AD4393700A4EF75 /* tap-fuzzy.aif in Resources */ = {isa = PBXBuildFile; fileRef = 3DBA11401AD4393700A4EF75 /* tap-fuzzy.aif */; };
		3DBA11711AD4393700A4EF75 /* tap-hollow.aif in Resources */ = {isa = PBXBuildFile; fileRef = 3DBA11411AD4393700A4EF75 /* tap-hollow.aif */; };
		3DBA11721AD4393700A4EF75 /* tap-kissy.aif in Resources */ = {isa = PBXBuildFile; fileRef = 3DBA11421AD4393700A4EF75 /* tap-kissy.aif */; };
		3DBA11731AD4393700A4EF75 /* tap-mellow.aif in Resources */ = {isa = PBXBuildFile; fileRef = 3DBA11431AD4393700A4EF75 /* tap-mellow.aif */; };
		3DBA11741AD4393700A4EF75 /* tap-metallic.aif in Resources */ = {isa = PBXBuildFile; fileRef = 3DBA11441AD4393700A4EF75 /* tap-metallic.aif */; };
		3DBA11751AD4393700A4EF75 /* tap-muted.aif in Resources */ = {isa = PBXBuildFile; fileRef = 3DBA11451AD4393700A4EF75 /* tap-muted.aif */; };
		3DBA11761AD4393700A4EF75 /* tap-percussive.aif in Resources */ = {isa = PBXBuildFile; fileRef = 3DBA11461AD4393700A4EF75 /* tap-percussive.aif */; };
		3DBA11771AD4393700A4EF75 /* tap-professional.aif in Resources */ = {isa = PBXBuildFile; fileRef = 3DBA11471AD4393700A4EF75 /* tap-professional.aif */; };
		3DBA11781AD4393700A4EF75 /* tap-resonant.aif in Resources */ = {isa = PBXBuildFile; fileRef = 3DBA11481AD4393700A4EF75 /* tap-resonant.aif */; };
		3DBA11791AD4393700A4EF75 /* tap-scratchy.aif in Resources */ = {isa = PBXBuildFile; fileRef = 3DBA11491AD4393700A4EF75 /* tap-scratchy.aif */; };
		3DBA117A1AD4393700A4EF75 /* tap-simple.aif in Resources */ = {isa = PBXBuildFile; fileRef = 3DBA114A1AD4393700A4EF75 /* tap-simple.aif */; };
		3DBA117B1AD4393700A4EF75 /* tap-sizzle.aif in Resources */ = {isa = PBXBuildFile; fileRef = 3DBA114B1AD4393700A4EF75 /* tap-sizzle.aif */; };
		3DBA117C1AD4393700A4EF75 /* tap-smallest.aif in Resources */ = {isa = PBXBuildFile; fileRef = 3DBA114C1AD4393700A4EF75 /* tap-smallest.aif */; };
		3DBA117D1AD4393700A4EF75 /* tap-toothy.aif in Resources */ = {isa = PBXBuildFile; fileRef = 3DBA114D1AD4393700A4EF75 /* tap-toothy.aif */; };
		3DBA117E1AD4393700A4EF75 /* tap-vocal.aif in Resources */ = {isa = PBXBuildFile; fileRef = 3DBA114E1AD4393700A4EF75 /* tap-vocal.aif */; };
		3DBA117F1AD4393700A4EF75 /* tap-warm.aif in Resources */ = {isa = PBXBuildFile; fileRef = 3DBA114F1AD4393700A4EF75 /* tap-warm.aif */; };
		3DBA11801AD4393700A4EF75 /* tap-wooden.aif in Resources */ = {isa = PBXBuildFile; fileRef = 3DBA11501AD4393700A4EF75 /* tap-wooden.aif */; };
		3DBA11811AD4393700A4EF75 /* tap-zipper.aif in Resources */ = {isa = PBXBuildFile; fileRef = 3DBA11511AD4393700A4EF75 /* tap-zipper.aif */; };
		3DBA11851AD4399600A4EF75 /* UIControl+Sound.m in Sources */ = {isa = PBXBuildFile; fileRef = 3DBA11841AD4399600A4EF75 /* UIControl+Sound.m */; };
		3DBA11871AD4445100A4EF75 /* VersusCell.swift in Sources */ = {isa = PBXBuildFile; fileRef = 3DBA11861AD4445100A4EF75 /* VersusCell.swift */; };
		3DC463DE1AD2A4A70034C34F /* MMDrawerBarButtonItem.m in Sources */ = {isa = PBXBuildFile; fileRef = 3DC463D61AD2A4A70034C34F /* MMDrawerBarButtonItem.m */; };
		3DC463DF1AD2A4A70034C34F /* MMDrawerController.m in Sources */ = {isa = PBXBuildFile; fileRef = 3DC463D91AD2A4A70034C34F /* MMDrawerController.m */; };
		3DC463E01AD2A4A70034C34F /* MMDrawerVisualState.m in Sources */ = {isa = PBXBuildFile; fileRef = 3DC463DB1AD2A4A70034C34F /* MMDrawerVisualState.m */; };
		3DC463E11AD2A4A70034C34F /* UIViewController+MMDrawerController.m in Sources */ = {isa = PBXBuildFile; fileRef = 3DC463DD1AD2A4A70034C34F /* UIViewController+MMDrawerController.m */; };
		3DC463E31AD2A60F0034C34F /* FightsViewController.swift in Sources */ = {isa = PBXBuildFile; fileRef = 3DC463E21AD2A60F0034C34F /* FightsViewController.swift */; };
		3DC463E51AD2A65B0034C34F /* MenuViewController.swift in Sources */ = {isa = PBXBuildFile; fileRef = 3DC463E41AD2A65B0034C34F /* MenuViewController.swift */; };
		3DED5BE31AD0773A00F1DE5F /* MainTabController.swift in Sources */ = {isa = PBXBuildFile; fileRef = 3DED5BE21AD0773A00F1DE5F /* MainTabController.swift */; };
		3DED5BE51AD077BA00F1DE5F /* Main.storyboard in Resources */ = {isa = PBXBuildFile; fileRef = 3DED5BE41AD077BA00F1DE5F /* Main.storyboard */; };
		3DF04FEA1AD2AF65008B0260 /* MenuCell.swift in Sources */ = {isa = PBXBuildFile; fileRef = 3DF04FE91AD2AF65008B0260 /* MenuCell.swift */; };
		3DF04FEE1AD2BA87008B0260 /* FightCellOrigin.swift in Sources */ = {isa = PBXBuildFile; fileRef = 3DF04FED1AD2BA87008B0260 /* FightCellOrigin.swift */; };
		3DF04FF01AD2BAA8008B0260 /* FightCellRecipient.swift in Sources */ = {isa = PBXBuildFile; fileRef = 3DF04FEF1AD2BAA8008B0260 /* FightCellRecipient.swift */; };
		3DF04FF31AD2C927008B0260 /* FightOpenViewController.swift in Sources */ = {isa = PBXBuildFile; fileRef = 3DF04FF21AD2C927008B0260 /* FightOpenViewController.swift */; };
		3DF04FF81AD318C6008B0260 /* EditProfileForm.swift in Sources */ = {isa = PBXBuildFile; fileRef = 3DF04FF71AD318C6008B0260 /* EditProfileForm.swift */; };
		3DF04FFA1AD318DD008B0260 /* EditProfileFormViewController.swift in Sources */ = {isa = PBXBuildFile; fileRef = 3DF04FF91AD318DD008B0260 /* EditProfileFormViewController.swift */; };
/* End PBXBuildFile section */

/* Begin PBXContainerItemProxy section */
		3DB6DEF61AC993620020497B /* PBXContainerItemProxy */ = {
			isa = PBXContainerItemProxy;
			containerPortal = 3DB6DED81AC993620020497B /* Project object */;
			proxyType = 1;
			remoteGlobalIDString = 3DB6DEDF1AC993620020497B;
			remoteInfo = HitThat;
		};
/* End PBXContainerItemProxy section */

/* Begin PBXFileReference section */
		3D154F2F1AD5BCCD00C2AD82 /* VersusLabel.swift */ = {isa = PBXFileReference; fileEncoding = 4; lastKnownFileType = sourcecode.swift; path = VersusLabel.swift; sourceTree = "<group>"; };
		3D56CADA1ACE0B21004759ED /* FXForms.h */ = {isa = PBXFileReference; fileEncoding = 4; lastKnownFileType = sourcecode.c.h; path = FXForms.h; sourceTree = "<group>"; };
		3D56CADB1ACE0B21004759ED /* FXForms.m */ = {isa = PBXFileReference; fileEncoding = 4; lastKnownFileType = sourcecode.c.objc; path = FXForms.m; sourceTree = "<group>"; };
		3D56CADC1ACE0B21004759ED /* ISO3166CountryValueTransformer.swift */ = {isa = PBXFileReference; fileEncoding = 4; lastKnownFileType = sourcecode.swift; path = ISO3166CountryValueTransformer.swift; sourceTree = "<group>"; };
		3D56CADD1ACE0B21004759ED /* RegistrationForm.swift */ = {isa = PBXFileReference; fileEncoding = 4; lastKnownFileType = sourcecode.swift; path = RegistrationForm.swift; sourceTree = "<group>"; };
		3D56CADE1ACE0B21004759ED /* RegistrationFormViewController.swift */ = {isa = PBXFileReference; fileEncoding = 4; lastKnownFileType = sourcecode.swift; path = RegistrationFormViewController.swift; sourceTree = "<group>"; };
		3D56CAE31ACE0CB3004759ED /* RegisterFormViewController.swift */ = {isa = PBXFileReference; fileEncoding = 4; lastKnownFileType = sourcecode.swift; path = RegisterFormViewController.swift; sourceTree = "<group>"; };
		3D56CAE51ACE0CE0004759ED /* RegisterForm.swift */ = {isa = PBXFileReference; fileEncoding = 4; lastKnownFileType = sourcecode.swift; path = RegisterForm.swift; sourceTree = "<group>"; };
		3D8482AB1ACB2FAB00D663DF /* Colors.swift */ = {isa = PBXFileReference; fileEncoding = 4; lastKnownFileType = sourcecode.swift; path = Colors.swift; sourceTree = "<group>"; };
		3D8482B81ACB74F300D663DF /* AvatarImageView.swift */ = {isa = PBXFileReference; fileEncoding = 4; lastKnownFileType = sourcecode.swift; path = AvatarImageView.swift; sourceTree = "<group>"; };
		3D8482B91ACB74F300D663DF /* FXBlurView.h */ = {isa = PBXFileReference; fileEncoding = 4; lastKnownFileType = sourcecode.c.h; path = FXBlurView.h; sourceTree = "<group>"; };
		3D8482BA1ACB74F300D663DF /* FXBlurView.m */ = {isa = PBXFileReference; fileEncoding = 4; lastKnownFileType = sourcecode.c.objc; path = FXBlurView.m; sourceTree = "<group>"; };
		3D8482BB1ACB74F300D663DF /* VersusViewController.swift */ = {isa = PBXFileReference; fileEncoding = 4; lastKnownFileType = sourcecode.swift; name = VersusViewController.swift; path = Profile/VersusViewController.swift; sourceTree = "<group>"; };
		3D8482BD1ACB74F300D663DF /* TWTButton.swift */ = {isa = PBXFileReference; fileEncoding = 4; lastKnownFileType = sourcecode.swift; path = TWTButton.swift; sourceTree = "<group>"; };
		3D8482C21ACB790D00D663DF /* LocateButton.swift */ = {isa = PBXFileReference; fileEncoding = 4; lastKnownFileType = sourcecode.swift; path = LocateButton.swift; sourceTree = "<group>"; };
		3D8482C51ACC2D7D00D663DF /* YLProgressBar.h */ = {isa = PBXFileReference; fileEncoding = 4; lastKnownFileType = sourcecode.c.h; path = YLProgressBar.h; sourceTree = "<group>"; };
		3D8482C61ACC2D7D00D663DF /* YLProgressBar.m */ = {isa = PBXFileReference; fileEncoding = 4; lastKnownFileType = sourcecode.c.objc; path = YLProgressBar.m; sourceTree = "<group>"; };
		3DAE5B071AD46559004892CC /* punch.wav */ = {isa = PBXFileReference; lastKnownFileType = audio.wav; path = punch.wav; sourceTree = "<group>"; };
		3DAE5B091AD4661B004892CC /* SoundAPI.swift */ = {isa = PBXFileReference; fileEncoding = 4; lastKnownFileType = sourcecode.swift; path = SoundAPI.swift; sourceTree = "<group>"; };
		3DAE5B0C1AD468A4004892CC /* meatSlap.aif */ = {isa = PBXFileReference; lastKnownFileType = file; path = meatSlap.aif; sourceTree = "<group>"; };
		3DAE5B0D1AD468A4004892CC /* Slap.mp3 */ = {isa = PBXFileReference; lastKnownFileType = audio.mp3; path = Slap.mp3; sourceTree = "<group>"; };
		3DAE5B0E1AD468A4004892CC /* slapFight.wav */ = {isa = PBXFileReference; lastKnownFileType = audio.wav; path = slapFight.wav; sourceTree = "<group>"; };
		3DAE5B121AD46A97004892CC /* RandomArray.swift */ = {isa = PBXFileReference; fileEncoding = 4; lastKnownFileType = sourcecode.swift; path = RandomArray.swift; sourceTree = "<group>"; };
		3DAE5B141AD46C90004892CC /* Shapes.swift */ = {isa = PBXFileReference; fileEncoding = 4; lastKnownFileType = sourcecode.swift; path = Shapes.swift; sourceTree = "<group>"; };
		3DB690751AD1B297007EFCEF /* MSDynamicsDrawerStyler.h */ = {isa = PBXFileReference; fileEncoding = 4; lastKnownFileType = sourcecode.c.h; path = MSDynamicsDrawerStyler.h; sourceTree = "<group>"; };
		3DB690761AD1B297007EFCEF /* MSDynamicsDrawerStyler.m */ = {isa = PBXFileReference; fileEncoding = 4; lastKnownFileType = sourcecode.c.objc; path = MSDynamicsDrawerStyler.m; sourceTree = "<group>"; };
		3DB690771AD1B297007EFCEF /* MSDynamicsDrawerViewController-Prefix.pch */ = {isa = PBXFileReference; fileEncoding = 4; lastKnownFileType = sourcecode.c.h; path = "MSDynamicsDrawerViewController-Prefix.pch"; sourceTree = "<group>"; };
		3DB690781AD1B297007EFCEF /* MSDynamicsDrawerViewController.h */ = {isa = PBXFileReference; fileEncoding = 4; lastKnownFileType = sourcecode.c.h; path = MSDynamicsDrawerViewController.h; sourceTree = "<group>"; };
		3DB690791AD1B297007EFCEF /* MSDynamicsDrawerViewController.m */ = {isa = PBXFileReference; fileEncoding = 4; lastKnownFileType = sourcecode.c.objc; path = MSDynamicsDrawerViewController.m; sourceTree = "<group>"; };
		3DB6DEE01AC993620020497B /* HitThat.app */ = {isa = PBXFileReference; explicitFileType = wrapper.application; includeInIndex = 0; path = HitThat.app; sourceTree = BUILT_PRODUCTS_DIR; };
		3DB6DEE41AC993620020497B /* Info.plist */ = {isa = PBXFileReference; lastKnownFileType = text.plist.xml; path = Info.plist; sourceTree = "<group>"; };
		3DB6DEE51AC993620020497B /* AppDelegate.swift */ = {isa = PBXFileReference; lastKnownFileType = sourcecode.swift; path = AppDelegate.swift; sourceTree = "<group>"; };
		3DB6DEE71AC993620020497B /* ViewController.swift */ = {isa = PBXFileReference; lastKnownFileType = sourcecode.swift; path = ViewController.swift; sourceTree = "<group>"; };
		3DB6DEEA1AC993620020497B /* Base */ = {isa = PBXFileReference; lastKnownFileType = file.storyboard; name = Base; path = Base.lproj/Old.storyboard; sourceTree = "<group>"; };
		3DB6DEEC1AC993620020497B /* Images.xcassets */ = {isa = PBXFileReference; lastKnownFileType = folder.assetcatalog; path = Images.xcassets; sourceTree = "<group>"; };
		3DB6DEEF1AC993620020497B /* Base */ = {isa = PBXFileReference; lastKnownFileType = file.xib; name = Base; path = Base.lproj/LaunchScreen.xib; sourceTree = "<group>"; };
		3DB6DEF51AC993620020497B /* HitThatTests.xctest */ = {isa = PBXFileReference; explicitFileType = wrapper.cfbundle; includeInIndex = 0; path = HitThatTests.xctest; sourceTree = BUILT_PRODUCTS_DIR; };
		3DB6DEFA1AC993620020497B /* Info.plist */ = {isa = PBXFileReference; lastKnownFileType = text.plist.xml; path = Info.plist; sourceTree = "<group>"; };
		3DB6DEFB1AC993620020497B /* HitThatTests.swift */ = {isa = PBXFileReference; lastKnownFileType = sourcecode.swift; path = HitThatTests.swift; sourceTree = "<group>"; };
		3DB6DF051AC994880020497B /* Bolts.framework */ = {isa = PBXFileReference; lastKnownFileType = wrapper.framework; path = Bolts.framework; sourceTree = "<group>"; };
		3DB6DF061AC994880020497B /* FacebookSDK.framework */ = {isa = PBXFileReference; lastKnownFileType = wrapper.framework; path = FacebookSDK.framework; sourceTree = "<group>"; };
		3DB6DF071AC994880020497B /* Parse.framework */ = {isa = PBXFileReference; lastKnownFileType = wrapper.framework; path = Parse.framework; sourceTree = "<group>"; };
		3DB6DF081AC994880020497B /* ParseCrashReporting.framework */ = {isa = PBXFileReference; lastKnownFileType = wrapper.framework; path = ParseCrashReporting.framework; sourceTree = "<group>"; };
		3DB6DF091AC994880020497B /* ParseFacebookUtils.framework */ = {isa = PBXFileReference; lastKnownFileType = wrapper.framework; path = ParseFacebookUtils.framework; sourceTree = "<group>"; };
		3DB6DF0A1AC994880020497B /* ParseUI.framework */ = {isa = PBXFileReference; lastKnownFileType = wrapper.framework; path = ParseUI.framework; sourceTree = "<group>"; };
		3DB6DF121AC995010020497B /* libsqlite3.dylib */ = {isa = PBXFileReference; lastKnownFileType = "compiled.mach-o.dylib"; name = libsqlite3.dylib; path = usr/lib/libsqlite3.dylib; sourceTree = SDKROOT; };
		3DB6DF141AC9950B0020497B /* libz.dylib */ = {isa = PBXFileReference; lastKnownFileType = "compiled.mach-o.dylib"; name = libz.dylib; path = usr/lib/libz.dylib; sourceTree = SDKROOT; };
		3DB6DF161AC995170020497B /* SystemConfiguration.framework */ = {isa = PBXFileReference; lastKnownFileType = wrapper.framework; name = SystemConfiguration.framework; path = System/Library/Frameworks/SystemConfiguration.framework; sourceTree = SDKROOT; };
		3DB6DF181AC995200020497B /* StoreKit.framework */ = {isa = PBXFileReference; lastKnownFileType = wrapper.framework; name = StoreKit.framework; path = System/Library/Frameworks/StoreKit.framework; sourceTree = SDKROOT; };
		3DB6DF1A1AC9952A0020497B /* Security.framework */ = {isa = PBXFileReference; lastKnownFileType = wrapper.framework; name = Security.framework; path = System/Library/Frameworks/Security.framework; sourceTree = SDKROOT; };
		3DB6DF1C1AC995330020497B /* QuartzCore.framework */ = {isa = PBXFileReference; lastKnownFileType = wrapper.framework; name = QuartzCore.framework; path = System/Library/Frameworks/QuartzCore.framework; sourceTree = SDKROOT; };
		3DB6DF1E1AC9953D0020497B /* MobileCoreServices.framework */ = {isa = PBXFileReference; lastKnownFileType = wrapper.framework; name = MobileCoreServices.framework; path = System/Library/Frameworks/MobileCoreServices.framework; sourceTree = SDKROOT; };
		3DB6DF201AC995480020497B /* CoreLocation.framework */ = {isa = PBXFileReference; lastKnownFileType = wrapper.framework; name = CoreLocation.framework; path = System/Library/Frameworks/CoreLocation.framework; sourceTree = SDKROOT; };
		3DB6DF221AC995550020497B /* CoreGraphics.framework */ = {isa = PBXFileReference; lastKnownFileType = wrapper.framework; name = CoreGraphics.framework; path = System/Library/Frameworks/CoreGraphics.framework; sourceTree = SDKROOT; };
		3DB6DF241AC995610020497B /* CFNetwork.framework */ = {isa = PBXFileReference; lastKnownFileType = wrapper.framework; name = CFNetwork.framework; path = System/Library/Frameworks/CFNetwork.framework; sourceTree = SDKROOT; };
		3DB6DF261AC9956A0020497B /* AudioToolbox.framework */ = {isa = PBXFileReference; lastKnownFileType = wrapper.framework; name = AudioToolbox.framework; path = System/Library/Frameworks/AudioToolbox.framework; sourceTree = SDKROOT; };
		3DB6DF281AC995960020497B /* HitThat-Bridging-Header.h */ = {isa = PBXFileReference; lastKnownFileType = sourcecode.c.h; path = "HitThat-Bridging-Header.h"; sourceTree = "<group>"; };
		3DB6DF2B1AC9AED90020497B /* AnnotationView.swift */ = {isa = PBXFileReference; fileEncoding = 4; lastKnownFileType = sourcecode.swift; path = AnnotationView.swift; sourceTree = "<group>"; };
		3DB6DF2C1AC9AED90020497B /* BezierPathsView.swift */ = {isa = PBXFileReference; fileEncoding = 4; lastKnownFileType = sourcecode.swift; path = BezierPathsView.swift; sourceTree = "<group>"; };
		3DB6DF2D1AC9AED90020497B /* BouncerBehavior.swift */ = {isa = PBXFileReference; fileEncoding = 4; lastKnownFileType = sourcecode.swift; path = BouncerBehavior.swift; sourceTree = "<group>"; };
		3DB6DF2E1AC9AED90020497B /* BouncerViewController.swift */ = {isa = PBXFileReference; fileEncoding = 4; lastKnownFileType = sourcecode.swift; path = BouncerViewController.swift; sourceTree = "<group>"; };
		3DB6DF2F1AC9AED90020497B /* CardView.swift */ = {isa = PBXFileReference; fileEncoding = 4; lastKnownFileType = sourcecode.swift; path = CardView.swift; sourceTree = "<group>"; };
		3DB6DF301AC9AED90020497B /* Constants.swift */ = {isa = PBXFileReference; fileEncoding = 4; lastKnownFileType = sourcecode.swift; path = Constants.swift; sourceTree = "<group>"; };
		3DB6DF311AC9AED90020497B /* DataViewController.swift */ = {isa = PBXFileReference; fileEncoding = 4; lastKnownFileType = sourcecode.swift; path = DataViewController.swift; sourceTree = "<group>"; };
		3DB6DF321AC9AED90020497B /* DropitBehavior.swift */ = {isa = PBXFileReference; fileEncoding = 4; lastKnownFileType = sourcecode.swift; path = DropitBehavior.swift; sourceTree = "<group>"; };
		3DB6DF331AC9AED90020497B /* DropitViewController.swift */ = {isa = PBXFileReference; fileEncoding = 4; lastKnownFileType = sourcecode.swift; path = DropitViewController.swift; sourceTree = "<group>"; };
		3DB6DF341AC9AED90020497B /* facebookLogIn.swift */ = {isa = PBXFileReference; fileEncoding = 4; lastKnownFileType = sourcecode.swift; path = facebookLogIn.swift; sourceTree = "<group>"; };
		3DB6DF351AC9AED90020497B /* FightsTableViewCell.swift */ = {isa = PBXFileReference; fileEncoding = 4; lastKnownFileType = sourcecode.swift; path = FightsTableViewCell.swift; sourceTree = "<group>"; };
		3DB6DF361AC9AED90020497B /* FightsTableViewController.swift */ = {isa = PBXFileReference; fileEncoding = 4; lastKnownFileType = sourcecode.swift; path = FightsTableViewController.swift; sourceTree = "<group>"; };
		3DB6DF381AC9AED90020497B /* GangBangBehavior.swift */ = {isa = PBXFileReference; fileEncoding = 4; lastKnownFileType = sourcecode.swift; path = GangBangBehavior.swift; sourceTree = "<group>"; };
		3DB6DF391AC9AED90020497B /* GangBangViewController.swift */ = {isa = PBXFileReference; fileEncoding = 4; lastKnownFileType = sourcecode.swift; path = GangBangViewController.swift; sourceTree = "<group>"; };
		3DB6DF3A1AC9AED90020497B /* GenericProfileViewController.swift */ = {isa = PBXFileReference; fileEncoding = 4; lastKnownFileType = sourcecode.swift; path = GenericProfileViewController.swift; sourceTree = "<group>"; };
		3DB6DF3D1AC9AED90020497B /* MainNavigationController.swift */ = {isa = PBXFileReference; fileEncoding = 4; lastKnownFileType = sourcecode.swift; path = MainNavigationController.swift; sourceTree = "<group>"; };
		3DB6DF3E1AC9AED90020497B /* MainTableViewCell.swift */ = {isa = PBXFileReference; fileEncoding = 4; lastKnownFileType = sourcecode.swift; path = MainTableViewCell.swift; sourceTree = "<group>"; };
		3DB6DF3F1AC9AED90020497B /* MainTableViewController.swift */ = {isa = PBXFileReference; fileEncoding = 4; lastKnownFileType = sourcecode.swift; path = MainTableViewController.swift; sourceTree = "<group>"; };
		3DB6DF411AC9AED90020497B /* MainViewController.swift */ = {isa = PBXFileReference; fileEncoding = 4; lastKnownFileType = sourcecode.swift; path = MainViewController.swift; sourceTree = "<group>"; };
		3DB6DF421AC9AED90020497B /* MapViewController.swift */ = {isa = PBXFileReference; fileEncoding = 4; lastKnownFileType = sourcecode.swift; path = MapViewController.swift; sourceTree = "<group>"; };
		3DB6DF431AC9AED90020497B /* MKUser.swift */ = {isa = PBXFileReference; fileEncoding = 4; lastKnownFileType = sourcecode.swift; path = MKUser.swift; sourceTree = "<group>"; };
		3DB6DF441AC9AED90020497B /* ModelController.swift */ = {isa = PBXFileReference; fileEncoding = 4; lastKnownFileType = sourcecode.swift; path = ModelController.swift; sourceTree = "<group>"; };
		3DB6DF451AC9AED90020497B /* MyProfileViewController.swift */ = {isa = PBXFileReference; fileEncoding = 4; lastKnownFileType = sourcecode.swift; path = MyProfileViewController.swift; sourceTree = "<group>"; };
		3DB6DF461AC9AED90020497B /* PostViewController.swift */ = {isa = PBXFileReference; fileEncoding = 4; lastKnownFileType = sourcecode.swift; path = PostViewController.swift; sourceTree = "<group>"; };
		3DB6DF471AC9AED90020497B /* RegisterViewController.swift */ = {isa = PBXFileReference; fileEncoding = 4; lastKnownFileType = sourcecode.swift; path = RegisterViewController.swift; sourceTree = "<group>"; };
		3DB6DF481AC9AED90020497B /* RootViewController.swift */ = {isa = PBXFileReference; fileEncoding = 4; lastKnownFileType = sourcecode.swift; path = RootViewController.swift; sourceTree = "<group>"; };
		3DB6DF491AC9AED90020497B /* ScoreViewController.swift */ = {isa = PBXFileReference; fileEncoding = 4; lastKnownFileType = sourcecode.swift; path = ScoreViewController.swift; sourceTree = "<group>"; };
		3DB6DF4A1AC9AED90020497B /* SettingsViewController.swift */ = {isa = PBXFileReference; fileEncoding = 4; lastKnownFileType = sourcecode.swift; path = SettingsViewController.swift; sourceTree = "<group>"; };
		3DB6DF4B1AC9AED90020497B /* SinglePostViewController.swift */ = {isa = PBXFileReference; fileEncoding = 4; lastKnownFileType = sourcecode.swift; path = SinglePostViewController.swift; sourceTree = "<group>"; };
		3DB6DF4C1AC9AED90020497B /* SnatchedViewController.swift */ = {isa = PBXFileReference; fileEncoding = 4; lastKnownFileType = sourcecode.swift; path = SnatchedViewController.swift; sourceTree = "<group>"; };
		3DB6DF4D1AC9AED90020497B /* SnatchesTableViewCell.swift */ = {isa = PBXFileReference; fileEncoding = 4; lastKnownFileType = sourcecode.swift; path = SnatchesTableViewCell.swift; sourceTree = "<group>"; };
		3DB6DF4E1AC9AED90020497B /* SnatchesTableViewController.swift */ = {isa = PBXFileReference; fileEncoding = 4; lastKnownFileType = sourcecode.swift; path = SnatchesTableViewController.swift; sourceTree = "<group>"; };
		3DB6DF501AC9AED90020497B /* ParseAPI.swift */ = {isa = PBXFileReference; fileEncoding = 4; lastKnownFileType = sourcecode.swift; path = ParseAPI.swift; sourceTree = "<group>"; };
		3DB6DF511AC9AED90020497B /* SwipeViewController.swift */ = {isa = PBXFileReference; fileEncoding = 4; lastKnownFileType = sourcecode.swift; path = SwipeViewController.swift; sourceTree = "<group>"; };
		3DB6DF521AC9AED90020497B /* TabBarController.swift */ = {isa = PBXFileReference; fileEncoding = 4; lastKnownFileType = sourcecode.swift; path = TabBarController.swift; sourceTree = "<group>"; };
		3DB6DF7C1AC9AEF40020497B /* ZLPanGestureRecognizer.h */ = {isa = PBXFileReference; fileEncoding = 4; lastKnownFileType = sourcecode.c.h; path = ZLPanGestureRecognizer.h; sourceTree = "<group>"; };
		3DB6DF7D1AC9AEF40020497B /* ZLPanGestureRecognizer.m */ = {isa = PBXFileReference; fileEncoding = 4; lastKnownFileType = sourcecode.c.objc; path = ZLPanGestureRecognizer.m; sourceTree = "<group>"; };
		3DB6DF7E1AC9AEF40020497B /* ZLSwipeableView.h */ = {isa = PBXFileReference; fileEncoding = 4; lastKnownFileType = sourcecode.c.h; path = ZLSwipeableView.h; sourceTree = "<group>"; };
		3DB6DF7F1AC9AEF40020497B /* ZLSwipeableView.m */ = {isa = PBXFileReference; fileEncoding = 4; lastKnownFileType = sourcecode.c.objc; path = ZLSwipeableView.m; sourceTree = "<group>"; };
		3DBA111C1AD4379500A4EF75 /* AVFoundation.framework */ = {isa = PBXFileReference; lastKnownFileType = wrapper.framework; name = AVFoundation.framework; path = System/Library/Frameworks/AVFoundation.framework; sourceTree = SDKROOT; };
		3DBA11201AD4393700A4EF75 /* beep-attention.aif */ = {isa = PBXFileReference; lastKnownFileType = file; path = "beep-attention.aif"; sourceTree = "<group>"; };
		3DBA11211AD4393700A4EF75 /* beep-bop.aif */ = {isa = PBXFileReference; lastKnownFileType = file; path = "beep-bop.aif"; sourceTree = "<group>"; };
		3DBA11221AD4393700A4EF75 /* beep-brightpop.aif */ = {isa = PBXFileReference; lastKnownFileType = file; path = "beep-brightpop.aif"; sourceTree = "<group>"; };
		3DBA11231AD4393700A4EF75 /* beep-glitchy.aif */ = {isa = PBXFileReference; lastKnownFileType = file; path = "beep-glitchy.aif"; sourceTree = "<group>"; };
		3DBA11241AD4393700A4EF75 /* beep-hightone.aif */ = {isa = PBXFileReference; lastKnownFileType = file; path = "beep-hightone.aif"; sourceTree = "<group>"; };
		3DBA11251AD4393700A4EF75 /* beep-holdtone.aif */ = {isa = PBXFileReference; lastKnownFileType = file; path = "beep-holdtone.aif"; sourceTree = "<group>"; };
		3DBA11261AD4393700A4EF75 /* beep-horn.aif */ = {isa = PBXFileReference; lastKnownFileType = file; path = "beep-horn.aif"; sourceTree = "<group>"; };
		3DBA11271AD4393700A4EF75 /* beep-metallic.aif */ = {isa = PBXFileReference; lastKnownFileType = file; path = "beep-metallic.aif"; sourceTree = "<group>"; };
		3DBA11281AD4393700A4EF75 /* beep-organ.aif */ = {isa = PBXFileReference; lastKnownFileType = file; path = "beep-organ.aif"; sourceTree = "<group>"; };
		3DBA11291AD4393700A4EF75 /* beep-piano.aif */ = {isa = PBXFileReference; lastKnownFileType = file; path = "beep-piano.aif"; sourceTree = "<group>"; };
		3DBA112A1AD4393700A4EF75 /* beep-plucked.aif */ = {isa = PBXFileReference; lastKnownFileType = file; path = "beep-plucked.aif"; sourceTree = "<group>"; };
		3DBA112B1AD4393700A4EF75 /* beep-reedy.aif */ = {isa = PBXFileReference; lastKnownFileType = file; path = "beep-reedy.aif"; sourceTree = "<group>"; };
		3DBA112C1AD4393700A4EF75 /* beep-rejected.aif */ = {isa = PBXFileReference; lastKnownFileType = file; path = "beep-rejected.aif"; sourceTree = "<group>"; };
		3DBA112D1AD4393700A4EF75 /* beep-roadblock.aif */ = {isa = PBXFileReference; lastKnownFileType = file; path = "beep-roadblock.aif"; sourceTree = "<group>"; };
		3DBA112E1AD4393700A4EF75 /* beep-scrapy.aif */ = {isa = PBXFileReference; lastKnownFileType = file; path = "beep-scrapy.aif"; sourceTree = "<group>"; };
		3DBA112F1AD4393700A4EF75 /* beep-scratchy.aif */ = {isa = PBXFileReference; lastKnownFileType = file; path = "beep-scratchy.aif"; sourceTree = "<group>"; };
		3DBA11301AD4393700A4EF75 /* beep-sharpstring.aif */ = {isa = PBXFileReference; lastKnownFileType = file; path = "beep-sharpstring.aif"; sourceTree = "<group>"; };
		3DBA11311AD4393700A4EF75 /* beep-shinymetal.aif */ = {isa = PBXFileReference; lastKnownFileType = file; path = "beep-shinymetal.aif"; sourceTree = "<group>"; };
		3DBA11321AD4393700A4EF75 /* beep-tapped.aif */ = {isa = PBXFileReference; lastKnownFileType = file; path = "beep-tapped.aif"; sourceTree = "<group>"; };
		3DBA11331AD4393700A4EF75 /* beep-timber.aif */ = {isa = PBXFileReference; lastKnownFileType = file; path = "beep-timber.aif"; sourceTree = "<group>"; };
		3DBA11341AD4393700A4EF75 /* beep-warmguitar.aif */ = {isa = PBXFileReference; lastKnownFileType = file; path = "beep-warmguitar.aif"; sourceTree = "<group>"; };
		3DBA11351AD4393700A4EF75 /* beep-xylo.aif */ = {isa = PBXFileReference; lastKnownFileType = file; path = "beep-xylo.aif"; sourceTree = "<group>"; };
		3DBA11371AD4393700A4EF75 /* slide-magic.aif */ = {isa = PBXFileReference; lastKnownFileType = file; path = "slide-magic.aif"; sourceTree = "<group>"; };
		3DBA11381AD4393700A4EF75 /* slide-metal.aif */ = {isa = PBXFileReference; lastKnownFileType = file; path = "slide-metal.aif"; sourceTree = "<group>"; };
		3DBA11391AD4393700A4EF75 /* slide-network.aif */ = {isa = PBXFileReference; lastKnownFileType = file; path = "slide-network.aif"; sourceTree = "<group>"; };
		3DBA113A1AD4393700A4EF75 /* slide-paper.aif */ = {isa = PBXFileReference; lastKnownFileType = file; path = "slide-paper.aif"; sourceTree = "<group>"; };
		3DBA113B1AD4393700A4EF75 /* slide-rock.aif */ = {isa = PBXFileReference; lastKnownFileType = file; path = "slide-rock.aif"; sourceTree = "<group>"; };
		3DBA113C1AD4393700A4EF75 /* slide-scissors.aif */ = {isa = PBXFileReference; lastKnownFileType = file; path = "slide-scissors.aif"; sourceTree = "<group>"; };
		3DBA113E1AD4393700A4EF75 /* tap-crisp.aif */ = {isa = PBXFileReference; lastKnownFileType = file; path = "tap-crisp.aif"; sourceTree = "<group>"; };
		3DBA113F1AD4393700A4EF75 /* tap-double.aif */ = {isa = PBXFileReference; lastKnownFileType = file; path = "tap-double.aif"; sourceTree = "<group>"; };
		3DBA11401AD4393700A4EF75 /* tap-fuzzy.aif */ = {isa = PBXFileReference; lastKnownFileType = file; path = "tap-fuzzy.aif"; sourceTree = "<group>"; };
		3DBA11411AD4393700A4EF75 /* tap-hollow.aif */ = {isa = PBXFileReference; lastKnownFileType = file; path = "tap-hollow.aif"; sourceTree = "<group>"; };
		3DBA11421AD4393700A4EF75 /* tap-kissy.aif */ = {isa = PBXFileReference; lastKnownFileType = file; path = "tap-kissy.aif"; sourceTree = "<group>"; };
		3DBA11431AD4393700A4EF75 /* tap-mellow.aif */ = {isa = PBXFileReference; lastKnownFileType = file; path = "tap-mellow.aif"; sourceTree = "<group>"; };
		3DBA11441AD4393700A4EF75 /* tap-metallic.aif */ = {isa = PBXFileReference; lastKnownFileType = file; path = "tap-metallic.aif"; sourceTree = "<group>"; };
		3DBA11451AD4393700A4EF75 /* tap-muted.aif */ = {isa = PBXFileReference; lastKnownFileType = file; path = "tap-muted.aif"; sourceTree = "<group>"; };
		3DBA11461AD4393700A4EF75 /* tap-percussive.aif */ = {isa = PBXFileReference; lastKnownFileType = file; path = "tap-percussive.aif"; sourceTree = "<group>"; };
		3DBA11471AD4393700A4EF75 /* tap-professional.aif */ = {isa = PBXFileReference; lastKnownFileType = file; path = "tap-professional.aif"; sourceTree = "<group>"; };
		3DBA11481AD4393700A4EF75 /* tap-resonant.aif */ = {isa = PBXFileReference; lastKnownFileType = file; path = "tap-resonant.aif"; sourceTree = "<group>"; };
		3DBA11491AD4393700A4EF75 /* tap-scratchy.aif */ = {isa = PBXFileReference; lastKnownFileType = file; path = "tap-scratchy.aif"; sourceTree = "<group>"; };
		3DBA114A1AD4393700A4EF75 /* tap-simple.aif */ = {isa = PBXFileReference; lastKnownFileType = file; path = "tap-simple.aif"; sourceTree = "<group>"; };
		3DBA114B1AD4393700A4EF75 /* tap-sizzle.aif */ = {isa = PBXFileReference; lastKnownFileType = file; path = "tap-sizzle.aif"; sourceTree = "<group>"; };
		3DBA114C1AD4393700A4EF75 /* tap-smallest.aif */ = {isa = PBXFileReference; lastKnownFileType = file; path = "tap-smallest.aif"; sourceTree = "<group>"; };
		3DBA114D1AD4393700A4EF75 /* tap-toothy.aif */ = {isa = PBXFileReference; lastKnownFileType = file; path = "tap-toothy.aif"; sourceTree = "<group>"; };
		3DBA114E1AD4393700A4EF75 /* tap-vocal.aif */ = {isa = PBXFileReference; lastKnownFileType = file; path = "tap-vocal.aif"; sourceTree = "<group>"; };
		3DBA114F1AD4393700A4EF75 /* tap-warm.aif */ = {isa = PBXFileReference; lastKnownFileType = file; path = "tap-warm.aif"; sourceTree = "<group>"; };
		3DBA11501AD4393700A4EF75 /* tap-wooden.aif */ = {isa = PBXFileReference; lastKnownFileType = file; path = "tap-wooden.aif"; sourceTree = "<group>"; };
		3DBA11511AD4393700A4EF75 /* tap-zipper.aif */ = {isa = PBXFileReference; lastKnownFileType = file; path = "tap-zipper.aif"; sourceTree = "<group>"; };
		3DBA11831AD4399600A4EF75 /* UIControl+Sound.h */ = {isa = PBXFileReference; fileEncoding = 4; lastKnownFileType = sourcecode.c.h; path = "UIControl+Sound.h"; sourceTree = "<group>"; };
		3DBA11841AD4399600A4EF75 /* UIControl+Sound.m */ = {isa = PBXFileReference; fileEncoding = 4; lastKnownFileType = sourcecode.c.objc; path = "UIControl+Sound.m"; sourceTree = "<group>"; };
		3DBA11861AD4445100A4EF75 /* VersusCell.swift */ = {isa = PBXFileReference; fileEncoding = 4; lastKnownFileType = sourcecode.swift; path = VersusCell.swift; sourceTree = "<group>"; };
		3DC463D51AD2A4A70034C34F /* MMDrawerBarButtonItem.h */ = {isa = PBXFileReference; fileEncoding = 4; lastKnownFileType = sourcecode.c.h; path = MMDrawerBarButtonItem.h; sourceTree = "<group>"; };
		3DC463D61AD2A4A70034C34F /* MMDrawerBarButtonItem.m */ = {isa = PBXFileReference; fileEncoding = 4; lastKnownFileType = sourcecode.c.objc; path = MMDrawerBarButtonItem.m; sourceTree = "<group>"; };
		3DC463D71AD2A4A70034C34F /* MMDrawerController+Subclass.h */ = {isa = PBXFileReference; fileEncoding = 4; lastKnownFileType = sourcecode.c.h; path = "MMDrawerController+Subclass.h"; sourceTree = "<group>"; };
		3DC463D81AD2A4A70034C34F /* MMDrawerController.h */ = {isa = PBXFileReference; fileEncoding = 4; lastKnownFileType = sourcecode.c.h; path = MMDrawerController.h; sourceTree = "<group>"; };
		3DC463D91AD2A4A70034C34F /* MMDrawerController.m */ = {isa = PBXFileReference; fileEncoding = 4; lastKnownFileType = sourcecode.c.objc; path = MMDrawerController.m; sourceTree = "<group>"; };
		3DC463DA1AD2A4A70034C34F /* MMDrawerVisualState.h */ = {isa = PBXFileReference; fileEncoding = 4; lastKnownFileType = sourcecode.c.h; path = MMDrawerVisualState.h; sourceTree = "<group>"; };
		3DC463DB1AD2A4A70034C34F /* MMDrawerVisualState.m */ = {isa = PBXFileReference; fileEncoding = 4; lastKnownFileType = sourcecode.c.objc; path = MMDrawerVisualState.m; sourceTree = "<group>"; };
		3DC463DC1AD2A4A70034C34F /* UIViewController+MMDrawerController.h */ = {isa = PBXFileReference; fileEncoding = 4; lastKnownFileType = sourcecode.c.h; path = "UIViewController+MMDrawerController.h"; sourceTree = "<group>"; };
		3DC463DD1AD2A4A70034C34F /* UIViewController+MMDrawerController.m */ = {isa = PBXFileReference; fileEncoding = 4; lastKnownFileType = sourcecode.c.objc; path = "UIViewController+MMDrawerController.m"; sourceTree = "<group>"; };
		3DC463E21AD2A60F0034C34F /* FightsViewController.swift */ = {isa = PBXFileReference; fileEncoding = 4; lastKnownFileType = sourcecode.swift; path = FightsViewController.swift; sourceTree = "<group>"; };
		3DC463E41AD2A65B0034C34F /* MenuViewController.swift */ = {isa = PBXFileReference; fileEncoding = 4; lastKnownFileType = sourcecode.swift; path = MenuViewController.swift; sourceTree = "<group>"; };
		3DED5BE21AD0773A00F1DE5F /* MainTabController.swift */ = {isa = PBXFileReference; fileEncoding = 4; lastKnownFileType = sourcecode.swift; path = MainTabController.swift; sourceTree = "<group>"; };
		3DED5BE41AD077BA00F1DE5F /* Main.storyboard */ = {isa = PBXFileReference; fileEncoding = 4; lastKnownFileType = file.storyboard; path = Main.storyboard; sourceTree = "<group>"; };
		3DF04FE91AD2AF65008B0260 /* MenuCell.swift */ = {isa = PBXFileReference; fileEncoding = 4; lastKnownFileType = sourcecode.swift; path = MenuCell.swift; sourceTree = "<group>"; };
		3DF04FED1AD2BA87008B0260 /* FightCellOrigin.swift */ = {isa = PBXFileReference; fileEncoding = 4; lastKnownFileType = sourcecode.swift; path = FightCellOrigin.swift; sourceTree = "<group>"; };
		3DF04FEF1AD2BAA8008B0260 /* FightCellRecipient.swift */ = {isa = PBXFileReference; fileEncoding = 4; lastKnownFileType = sourcecode.swift; path = FightCellRecipient.swift; sourceTree = "<group>"; };
		3DF04FF21AD2C927008B0260 /* FightOpenViewController.swift */ = {isa = PBXFileReference; fileEncoding = 4; lastKnownFileType = sourcecode.swift; path = FightOpenViewController.swift; sourceTree = "<group>"; };
		3DF04FF71AD318C6008B0260 /* EditProfileForm.swift */ = {isa = PBXFileReference; fileEncoding = 4; lastKnownFileType = sourcecode.swift; path = EditProfileForm.swift; sourceTree = "<group>"; };
		3DF04FF91AD318DD008B0260 /* EditProfileFormViewController.swift */ = {isa = PBXFileReference; fileEncoding = 4; lastKnownFileType = sourcecode.swift; path = EditProfileFormViewController.swift; sourceTree = "<group>"; };
/* End PBXFileReference section */

/* Begin PBXFrameworksBuildPhase section */
		3DB6DEDD1AC993620020497B /* Frameworks */ = {
			isa = PBXFrameworksBuildPhase;
			buildActionMask = 2147483647;
			files = (
				3DBA111D1AD4379500A4EF75 /* AVFoundation.framework in Frameworks */,
				3DB6DF271AC9956A0020497B /* AudioToolbox.framework in Frameworks */,
				3DB6DF251AC995610020497B /* CFNetwork.framework in Frameworks */,
				3DB6DF231AC995550020497B /* CoreGraphics.framework in Frameworks */,
				3DB6DF211AC995480020497B /* CoreLocation.framework in Frameworks */,
				3DB6DF1F1AC9953D0020497B /* MobileCoreServices.framework in Frameworks */,
				3DB6DF1D1AC995330020497B /* QuartzCore.framework in Frameworks */,
				3DB6DF1B1AC9952A0020497B /* Security.framework in Frameworks */,
				3DB6DF191AC995200020497B /* StoreKit.framework in Frameworks */,
				3DB6DF171AC995170020497B /* SystemConfiguration.framework in Frameworks */,
				3DB6DF151AC9950B0020497B /* libz.dylib in Frameworks */,
				3DB6DF131AC995010020497B /* libsqlite3.dylib in Frameworks */,
				3DB6DF101AC994880020497B /* ParseUI.framework in Frameworks */,
				3DB6DF0B1AC994880020497B /* Bolts.framework in Frameworks */,
				3DB6DF0D1AC994880020497B /* Parse.framework in Frameworks */,
				3DB6DF0C1AC994880020497B /* FacebookSDK.framework in Frameworks */,
				3DB6DF0F1AC994880020497B /* ParseFacebookUtils.framework in Frameworks */,
				3DB6DF0E1AC994880020497B /* ParseCrashReporting.framework in Frameworks */,
			);
			runOnlyForDeploymentPostprocessing = 0;
		};
		3DB6DEF21AC993620020497B /* Frameworks */ = {
			isa = PBXFrameworksBuildPhase;
			buildActionMask = 2147483647;
			files = (
			);
			runOnlyForDeploymentPostprocessing = 0;
		};
/* End PBXFrameworksBuildPhase section */

/* Begin PBXGroup section */
		3D56CAD91ACE0B21004759ED /* FXForms */ = {
			isa = PBXGroup;
			children = (
				3D56CADA1ACE0B21004759ED /* FXForms.h */,
				3D56CADB1ACE0B21004759ED /* FXForms.m */,
				3D56CADD1ACE0B21004759ED /* RegistrationForm.swift */,
				3D56CADE1ACE0B21004759ED /* RegistrationFormViewController.swift */,
				3D56CADC1ACE0B21004759ED /* ISO3166CountryValueTransformer.swift */,
			);
			path = FXForms;
			sourceTree = "<group>";
		};
		3D8482B71ACB74F300D663DF /* New Profiles */ = {
			isa = PBXGroup;
			children = (
				3D8482B81ACB74F300D663DF /* AvatarImageView.swift */,
				3D8482B91ACB74F300D663DF /* FXBlurView.h */,
				3D8482BA1ACB74F300D663DF /* FXBlurView.m */,
				3D8482BD1ACB74F300D663DF /* TWTButton.swift */,
			);
			name = "New Profiles";
			path = Profile;
			sourceTree = "<group>";
		};
		3D8482C41ACC2D7D00D663DF /* YLProgressBar */ = {
			isa = PBXGroup;
			children = (
				3D8482C51ACC2D7D00D663DF /* YLProgressBar.h */,
				3D8482C61ACC2D7D00D663DF /* YLProgressBar.m */,
			);
			path = YLProgressBar;
			sourceTree = "<group>";
		};
		3D8482C81ACDD9E400D663DF /* Things I Didnt Write */ = {
			isa = PBXGroup;
			children = (
				3DC463D41AD2A4A70034C34F /* MMDrawerController */,
				3DB690741AD1B297007EFCEF /* MSDynamicsDrawerViewController */,
				3D8482B71ACB74F300D663DF /* New Profiles */,
				3D56CAD91ACE0B21004759ED /* FXForms */,
				3D8482C41ACC2D7D00D663DF /* YLProgressBar */,
				3DB6DF7B1AC9AEF40020497B /* ZLSwipeableView */,
			);
			name = "Things I Didnt Write";
			sourceTree = "<group>";
		};
		3DAE5B0B1AD46874004892CC /* FreeSounds */ = {
			isa = PBXGroup;
			children = (
				3DAE5B0C1AD468A4004892CC /* meatSlap.aif */,
				3DAE5B0D1AD468A4004892CC /* Slap.mp3 */,
				3DAE5B0E1AD468A4004892CC /* slapFight.wav */,
				3DAE5B071AD46559004892CC /* punch.wav */,
			);
			name = FreeSounds;
			sourceTree = "<group>";
		};
		3DB690741AD1B297007EFCEF /* MSDynamicsDrawerViewController */ = {
			isa = PBXGroup;
			children = (
				3DB690751AD1B297007EFCEF /* MSDynamicsDrawerStyler.h */,
				3DB690761AD1B297007EFCEF /* MSDynamicsDrawerStyler.m */,
				3DB690771AD1B297007EFCEF /* MSDynamicsDrawerViewController-Prefix.pch */,
				3DB690781AD1B297007EFCEF /* MSDynamicsDrawerViewController.h */,
				3DB690791AD1B297007EFCEF /* MSDynamicsDrawerViewController.m */,
			);
			path = MSDynamicsDrawerViewController;
			sourceTree = "<group>";
		};
		3DB6DED71AC993620020497B = {
			isa = PBXGroup;
			children = (
				3DB6DEE21AC993620020497B /* HitThat */,
				3DB6DEF81AC993620020497B /* HitThatTests */,
				3DB6DEE11AC993620020497B /* Products */,
			);
			sourceTree = "<group>";
		};
		3DB6DEE11AC993620020497B /* Products */ = {
			isa = PBXGroup;
			children = (
				3DB6DEE01AC993620020497B /* HitThat.app */,
				3DB6DEF51AC993620020497B /* HitThatTests.xctest */,
			);
			name = Products;
			sourceTree = "<group>";
		};
		3DB6DEE21AC993620020497B /* HitThat */ = {
			isa = PBXGroup;
			children = (
				3DB6DEE91AC993620020497B /* Old.storyboard */,
				3DED5BE41AD077BA00F1DE5F /* Main.storyboard */,
				3DB6DEE51AC993620020497B /* AppDelegate.swift */,
				3DB6DF891AC9B0200020497B /* Main */,
				3DF04FF11AD2BABB008B0260 /* Fights */,
				3DB6DF841AC9AF690020497B /* Profiles */,
				3DB6DF871AC9AFBF0020497B /* Accounts */,
				3DB6DF861AC9AF840020497B /* Swipe */,
				3DB6DF881AC9AFCE0020497B /* Map */,
				3DB6DF831AC9AF2B0020497B /* API */,
				3DB6DEE31AC993620020497B /* Supporting Files */,
				3D8482C81ACDD9E400D663DF /* Things I Didnt Write */,
				3DB6DF821AC9AF1F0020497B /* Unused */,
			);
			path = HitThat;
			sourceTree = "<group>";
		};
		3DB6DEE31AC993620020497B /* Supporting Files */ = {
			isa = PBXGroup;
			children = (
				3DBA111E1AD4393700A4EF75 /* Octave-Sounds */,
				3DB6DF111AC994930020497B /* Frameworks */,
				3DAE5B0B1AD46874004892CC /* FreeSounds */,
				3DB6DEEE1AC993620020497B /* LaunchScreen.xib */,
				3DB6DEEC1AC993620020497B /* Images.xcassets */,
				3DB6DF281AC995960020497B /* HitThat-Bridging-Header.h */,
				3DB6DEE41AC993620020497B /* Info.plist */,
			);
			name = "Supporting Files";
			sourceTree = "<group>";
		};
		3DB6DEF81AC993620020497B /* HitThatTests */ = {
			isa = PBXGroup;
			children = (
				3DB6DEFB1AC993620020497B /* HitThatTests.swift */,
				3DB6DEF91AC993620020497B /* Supporting Files */,
			);
			path = HitThatTests;
			sourceTree = "<group>";
		};
		3DB6DEF91AC993620020497B /* Supporting Files */ = {
			isa = PBXGroup;
			children = (
				3DB6DEFA1AC993620020497B /* Info.plist */,
			);
			name = "Supporting Files";
			sourceTree = "<group>";
		};
		3DB6DF111AC994930020497B /* Frameworks */ = {
			isa = PBXGroup;
			children = (
				3DBA111C1AD4379500A4EF75 /* AVFoundation.framework */,
				3DB6DF261AC9956A0020497B /* AudioToolbox.framework */,
				3DB6DF241AC995610020497B /* CFNetwork.framework */,
				3DB6DF221AC995550020497B /* CoreGraphics.framework */,
				3DB6DF201AC995480020497B /* CoreLocation.framework */,
				3DB6DF1E1AC9953D0020497B /* MobileCoreServices.framework */,
				3DB6DF1C1AC995330020497B /* QuartzCore.framework */,
				3DB6DF1A1AC9952A0020497B /* Security.framework */,
				3DB6DF181AC995200020497B /* StoreKit.framework */,
				3DB6DF161AC995170020497B /* SystemConfiguration.framework */,
				3DB6DF141AC9950B0020497B /* libz.dylib */,
				3DB6DF121AC995010020497B /* libsqlite3.dylib */,
				3DB6DF051AC994880020497B /* Bolts.framework */,
				3DB6DF061AC994880020497B /* FacebookSDK.framework */,
				3DB6DF071AC994880020497B /* Parse.framework */,
				3DB6DF081AC994880020497B /* ParseCrashReporting.framework */,
				3DB6DF091AC994880020497B /* ParseFacebookUtils.framework */,
				3DB6DF0A1AC994880020497B /* ParseUI.framework */,
			);
			name = Frameworks;
			sourceTree = "<group>";
		};
		3DB6DF7B1AC9AEF40020497B /* ZLSwipeableView */ = {
			isa = PBXGroup;
			children = (
				3DB6DF7C1AC9AEF40020497B /* ZLPanGestureRecognizer.h */,
				3DB6DF7D1AC9AEF40020497B /* ZLPanGestureRecognizer.m */,
				3DB6DF7E1AC9AEF40020497B /* ZLSwipeableView.h */,
				3DB6DF7F1AC9AEF40020497B /* ZLSwipeableView.m */,
			);
			path = ZLSwipeableView;
			sourceTree = "<group>";
		};
		3DB6DF821AC9AF1F0020497B /* Unused */ = {
			isa = PBXGroup;
			children = (
				3DB6DF8A1AC9B0A50020497B /* Post */,
				3DB6DF8B1AC9B0B60020497B /* Tables */,
				3DB6DF851AC9AF7E0020497B /* GangBang */,
				3DB6DF411AC9AED90020497B /* MainViewController.swift */,
				3DB6DEE71AC993620020497B /* ViewController.swift */,
				3DB6DF3D1AC9AED90020497B /* MainNavigationController.swift */,
				3DB6DF3F1AC9AED90020497B /* MainTableViewController.swift */,
				3DED5BE21AD0773A00F1DE5F /* MainTabController.swift */,
				3DB6DF441AC9AED90020497B /* ModelController.swift */,
				3DB6DF3E1AC9AED90020497B /* MainTableViewCell.swift */,
				3DB6DF311AC9AED90020497B /* DataViewController.swift */,
				3DB6DF481AC9AED90020497B /* RootViewController.swift */,
				3DB6DF4A1AC9AED90020497B /* SettingsViewController.swift */,
				3DB6DF4C1AC9AED90020497B /* SnatchedViewController.swift */,
				3DB6DF521AC9AED90020497B /* TabBarController.swift */,
			);
			name = Unused;
			sourceTree = "<group>";
		};
		3DB6DF831AC9AF2B0020497B /* API */ = {
			isa = PBXGroup;
			children = (
				3D8482C21ACB790D00D663DF /* LocateButton.swift */,
				3DAE5B141AD46C90004892CC /* Shapes.swift */,
				3D8482AB1ACB2FAB00D663DF /* Colors.swift */,
				3DAE5B091AD4661B004892CC /* SoundAPI.swift */,
				3DAE5B121AD46A97004892CC /* RandomArray.swift */,
				3DB6DF301AC9AED90020497B /* Constants.swift */,
				3DB6DF501AC9AED90020497B /* ParseAPI.swift */,
			);
			name = API;
			sourceTree = "<group>";
		};
		3DB6DF841AC9AF690020497B /* Profiles */ = {
			isa = PBXGroup;
			children = (
				3DB6DF3A1AC9AED90020497B /* GenericProfileViewController.swift */,
				3DF04FF91AD318DD008B0260 /* EditProfileFormViewController.swift */,
				3DF04FF71AD318C6008B0260 /* EditProfileForm.swift */,
				3DB6DF491AC9AED90020497B /* ScoreViewController.swift */,
				3DB6DF451AC9AED90020497B /* MyProfileViewController.swift */,
			);
			name = Profiles;
			sourceTree = "<group>";
		};
		3DB6DF851AC9AF7E0020497B /* GangBang */ = {
			isa = PBXGroup;
			children = (
				3DB6DF2C1AC9AED90020497B /* BezierPathsView.swift */,
				3DB6DF2E1AC9AED90020497B /* BouncerViewController.swift */,
				3DB6DF2D1AC9AED90020497B /* BouncerBehavior.swift */,
				3DB6DF331AC9AED90020497B /* DropitViewController.swift */,
				3DB6DF391AC9AED90020497B /* GangBangViewController.swift */,
				3DB6DF381AC9AED90020497B /* GangBangBehavior.swift */,
				3DB6DF321AC9AED90020497B /* DropitBehavior.swift */,
			);
			name = GangBang;
			sourceTree = "<group>";
		};
		3DB6DF861AC9AF840020497B /* Swipe */ = {
			isa = PBXGroup;
			children = (
				3DB6DF511AC9AED90020497B /* SwipeViewController.swift */,
				3DB6DF2F1AC9AED90020497B /* CardView.swift */,
			);
			name = Swipe;
			sourceTree = "<group>";
		};
		3DB6DF871AC9AFBF0020497B /* Accounts */ = {
			isa = PBXGroup;
			children = (
				3DB6DF471AC9AED90020497B /* RegisterViewController.swift */,
				3D56CAE31ACE0CB3004759ED /* RegisterFormViewController.swift */,
				3D56CAE51ACE0CE0004759ED /* RegisterForm.swift */,
				3DB6DF341AC9AED90020497B /* facebookLogIn.swift */,
			);
			name = Accounts;
			sourceTree = "<group>";
		};
		3DB6DF881AC9AFCE0020497B /* Map */ = {
			isa = PBXGroup;
			children = (
				3DB6DF2B1AC9AED90020497B /* AnnotationView.swift */,
				3DB6DF421AC9AED90020497B /* MapViewController.swift */,
				3DB6DF431AC9AED90020497B /* MKUser.swift */,
			);
			name = Map;
			sourceTree = "<group>";
		};
		3DB6DF891AC9B0200020497B /* Main */ = {
			isa = PBXGroup;
			children = (
				3DBA11861AD4445100A4EF75 /* VersusCell.swift */,
				3D154F2F1AD5BCCD00C2AD82 /* VersusLabel.swift */,
				3D8482BB1ACB74F300D663DF /* VersusViewController.swift */,
				3DC463E41AD2A65B0034C34F /* MenuViewController.swift */,
				3DF04FE91AD2AF65008B0260 /* MenuCell.swift */,
			);
			name = Main;
			sourceTree = "<group>";
		};
		3DB6DF8A1AC9B0A50020497B /* Post */ = {
			isa = PBXGroup;
			children = (
				3DB6DF4B1AC9AED90020497B /* SinglePostViewController.swift */,
				3DB6DF461AC9AED90020497B /* PostViewController.swift */,
			);
			name = Post;
			sourceTree = "<group>";
		};
		3DB6DF8B1AC9B0B60020497B /* Tables */ = {
			isa = PBXGroup;
			children = (
				3DB6DF361AC9AED90020497B /* FightsTableViewController.swift */,
				3DB6DF351AC9AED90020497B /* FightsTableViewCell.swift */,
				3DB6DF4D1AC9AED90020497B /* SnatchesTableViewCell.swift */,
				3DB6DF4E1AC9AED90020497B /* SnatchesTableViewController.swift */,
			);
			name = Tables;
			sourceTree = "<group>";
		};
		3DBA111E1AD4393700A4EF75 /* Octave-Sounds */ = {
			isa = PBXGroup;
			children = (
				3DBA11821AD4399600A4EF75 /* UIControl+Sound */,
				3DBA111F1AD4393700A4EF75 /* beeps */,
				3DBA11361AD4393700A4EF75 /* slides */,
				3DBA113D1AD4393700A4EF75 /* taps */,
			);
			path = "Octave-Sounds";
			sourceTree = "<group>";
		};
		3DBA111F1AD4393700A4EF75 /* beeps */ = {
			isa = PBXGroup;
			children = (
				3DBA11201AD4393700A4EF75 /* beep-attention.aif */,
				3DBA11211AD4393700A4EF75 /* beep-bop.aif */,
				3DBA11221AD4393700A4EF75 /* beep-brightpop.aif */,
				3DBA11231AD4393700A4EF75 /* beep-glitchy.aif */,
				3DBA11241AD4393700A4EF75 /* beep-hightone.aif */,
				3DBA11251AD4393700A4EF75 /* beep-holdtone.aif */,
				3DBA11261AD4393700A4EF75 /* beep-horn.aif */,
				3DBA11271AD4393700A4EF75 /* beep-metallic.aif */,
				3DBA11281AD4393700A4EF75 /* beep-organ.aif */,
				3DBA11291AD4393700A4EF75 /* beep-piano.aif */,
				3DBA112A1AD4393700A4EF75 /* beep-plucked.aif */,
				3DBA112B1AD4393700A4EF75 /* beep-reedy.aif */,
				3DBA112C1AD4393700A4EF75 /* beep-rejected.aif */,
				3DBA112D1AD4393700A4EF75 /* beep-roadblock.aif */,
				3DBA112E1AD4393700A4EF75 /* beep-scrapy.aif */,
				3DBA112F1AD4393700A4EF75 /* beep-scratchy.aif */,
				3DBA11301AD4393700A4EF75 /* beep-sharpstring.aif */,
				3DBA11311AD4393700A4EF75 /* beep-shinymetal.aif */,
				3DBA11321AD4393700A4EF75 /* beep-tapped.aif */,
				3DBA11331AD4393700A4EF75 /* beep-timber.aif */,
				3DBA11341AD4393700A4EF75 /* beep-warmguitar.aif */,
				3DBA11351AD4393700A4EF75 /* beep-xylo.aif */,
			);
			path = beeps;
			sourceTree = "<group>";
		};
		3DBA11361AD4393700A4EF75 /* slides */ = {
			isa = PBXGroup;
			children = (
				3DBA11371AD4393700A4EF75 /* slide-magic.aif */,
				3DBA11381AD4393700A4EF75 /* slide-metal.aif */,
				3DBA11391AD4393700A4EF75 /* slide-network.aif */,
				3DBA113A1AD4393700A4EF75 /* slide-paper.aif */,
				3DBA113B1AD4393700A4EF75 /* slide-rock.aif */,
				3DBA113C1AD4393700A4EF75 /* slide-scissors.aif */,
			);
			path = slides;
			sourceTree = "<group>";
		};
		3DBA113D1AD4393700A4EF75 /* taps */ = {
			isa = PBXGroup;
			children = (
				3DBA113E1AD4393700A4EF75 /* tap-crisp.aif */,
				3DBA113F1AD4393700A4EF75 /* tap-double.aif */,
				3DBA11401AD4393700A4EF75 /* tap-fuzzy.aif */,
				3DBA11411AD4393700A4EF75 /* tap-hollow.aif */,
				3DBA11421AD4393700A4EF75 /* tap-kissy.aif */,
				3DBA11431AD4393700A4EF75 /* tap-mellow.aif */,
				3DBA11441AD4393700A4EF75 /* tap-metallic.aif */,
				3DBA11451AD4393700A4EF75 /* tap-muted.aif */,
				3DBA11461AD4393700A4EF75 /* tap-percussive.aif */,
				3DBA11471AD4393700A4EF75 /* tap-professional.aif */,
				3DBA11481AD4393700A4EF75 /* tap-resonant.aif */,
				3DBA11491AD4393700A4EF75 /* tap-scratchy.aif */,
				3DBA114A1AD4393700A4EF75 /* tap-simple.aif */,
				3DBA114B1AD4393700A4EF75 /* tap-sizzle.aif */,
				3DBA114C1AD4393700A4EF75 /* tap-smallest.aif */,
				3DBA114D1AD4393700A4EF75 /* tap-toothy.aif */,
				3DBA114E1AD4393700A4EF75 /* tap-vocal.aif */,
				3DBA114F1AD4393700A4EF75 /* tap-warm.aif */,
				3DBA11501AD4393700A4EF75 /* tap-wooden.aif */,
				3DBA11511AD4393700A4EF75 /* tap-zipper.aif */,
			);
			path = taps;
			sourceTree = "<group>";
		};
		3DBA11821AD4399600A4EF75 /* UIControl+Sound */ = {
			isa = PBXGroup;
			children = (
				3DBA11831AD4399600A4EF75 /* UIControl+Sound.h */,
				3DBA11841AD4399600A4EF75 /* UIControl+Sound.m */,
			);
			path = "UIControl+Sound";
			sourceTree = "<group>";
		};
		3DC463D41AD2A4A70034C34F /* MMDrawerController */ = {
			isa = PBXGroup;
			children = (
				3DC463D51AD2A4A70034C34F /* MMDrawerBarButtonItem.h */,
				3DC463D61AD2A4A70034C34F /* MMDrawerBarButtonItem.m */,
				3DC463D71AD2A4A70034C34F /* MMDrawerController+Subclass.h */,
				3DC463D81AD2A4A70034C34F /* MMDrawerController.h */,
				3DC463D91AD2A4A70034C34F /* MMDrawerController.m */,
				3DC463DA1AD2A4A70034C34F /* MMDrawerVisualState.h */,
				3DC463DB1AD2A4A70034C34F /* MMDrawerVisualState.m */,
				3DC463DC1AD2A4A70034C34F /* UIViewController+MMDrawerController.h */,
				3DC463DD1AD2A4A70034C34F /* UIViewController+MMDrawerController.m */,
			);
			path = MMDrawerController;
			sourceTree = "<group>";
		};
		3DF04FF11AD2BABB008B0260 /* Fights */ = {
			isa = PBXGroup;
			children = (
				3DC463E21AD2A60F0034C34F /* FightsViewController.swift */,
				3DF04FF21AD2C927008B0260 /* FightOpenViewController.swift */,
				3DF04FED1AD2BA87008B0260 /* FightCellOrigin.swift */,
				3DF04FEF1AD2BAA8008B0260 /* FightCellRecipient.swift */,
			);
			name = Fights;
			sourceTree = "<group>";
		};
/* End PBXGroup section */

/* Begin PBXNativeTarget section */
		3DB6DEDF1AC993620020497B /* HitThat */ = {
			isa = PBXNativeTarget;
			buildConfigurationList = 3DB6DEFF1AC993620020497B /* Build configuration list for PBXNativeTarget "HitThat" */;
			buildPhases = (
				3DB6DEDC1AC993620020497B /* Sources */,
				3DB6DEDD1AC993620020497B /* Frameworks */,
				3DB6DEDE1AC993620020497B /* Resources */,
			);
			buildRules = (
			);
			dependencies = (
			);
			name = HitThat;
			productName = HitThat;
			productReference = 3DB6DEE01AC993620020497B /* HitThat.app */;
			productType = "com.apple.product-type.application";
		};
		3DB6DEF41AC993620020497B /* HitThatTests */ = {
			isa = PBXNativeTarget;
			buildConfigurationList = 3DB6DF021AC993620020497B /* Build configuration list for PBXNativeTarget "HitThatTests" */;
			buildPhases = (
				3DB6DEF11AC993620020497B /* Sources */,
				3DB6DEF21AC993620020497B /* Frameworks */,
				3DB6DEF31AC993620020497B /* Resources */,
			);
			buildRules = (
			);
			dependencies = (
				3DB6DEF71AC993620020497B /* PBXTargetDependency */,
			);
			name = HitThatTests;
			productName = HitThatTests;
			productReference = 3DB6DEF51AC993620020497B /* HitThatTests.xctest */;
			productType = "com.apple.product-type.bundle.unit-test";
		};
/* End PBXNativeTarget section */

/* Begin PBXProject section */
		3DB6DED81AC993620020497B /* Project object */ = {
			isa = PBXProject;
			attributes = {
				LastUpgradeCheck = 0620;
				ORGANIZATIONNAME = "Jake Seaton";
				TargetAttributes = {
					3DB6DEDF1AC993620020497B = {
						CreatedOnToolsVersion = 6.2;
					};
					3DB6DEF41AC993620020497B = {
						CreatedOnToolsVersion = 6.2;
						TestTargetID = 3DB6DEDF1AC993620020497B;
					};
				};
			};
			buildConfigurationList = 3DB6DEDB1AC993620020497B /* Build configuration list for PBXProject "HitThat" */;
			compatibilityVersion = "Xcode 3.2";
			developmentRegion = English;
			hasScannedForEncodings = 0;
			knownRegions = (
				en,
				Base,
			);
			mainGroup = 3DB6DED71AC993620020497B;
			productRefGroup = 3DB6DEE11AC993620020497B /* Products */;
			projectDirPath = "";
			projectRoot = "";
			targets = (
				3DB6DEDF1AC993620020497B /* HitThat */,
				3DB6DEF41AC993620020497B /* HitThatTests */,
			);
		};
/* End PBXProject section */

/* Begin PBXResourcesBuildPhase section */
		3DB6DEDE1AC993620020497B /* Resources */ = {
			isa = PBXResourcesBuildPhase;
			buildActionMask = 2147483647;
			files = (
				3DBA115F1AD4393700A4EF75 /* beep-roadblock.aif in Resources */,
				3DBA11611AD4393700A4EF75 /* beep-scratchy.aif in Resources */,
				3DB6DEEB1AC993620020497B /* Old.storyboard in Resources */,
				3DBA11681AD4393700A4EF75 /* slide-magic.aif in Resources */,
				3DBA11811AD4393700A4EF75 /* tap-zipper.aif in Resources */,
				3DBA11621AD4393700A4EF75 /* beep-sharpstring.aif in Resources */,
				3DBA117D1AD4393700A4EF75 /* tap-toothy.aif in Resources */,
				3DBA11671AD4393700A4EF75 /* beep-xylo.aif in Resources */,
				3DBA11631AD4393700A4EF75 /* beep-shinymetal.aif in Resources */,
				3DBA116D1AD4393700A4EF75 /* slide-scissors.aif in Resources */,
				3DBA117E1AD4393700A4EF75 /* tap-vocal.aif in Resources */,
				3DAE5B0F1AD468A4004892CC /* meatSlap.aif in Resources */,
				3DBA11521AD4393700A4EF75 /* beep-attention.aif in Resources */,
				3DBA117A1AD4393700A4EF75 /* tap-simple.aif in Resources */,
				3DBA11661AD4393700A4EF75 /* beep-warmguitar.aif in Resources */,
				3DBA117B1AD4393700A4EF75 /* tap-sizzle.aif in Resources */,
				3DBA11731AD4393700A4EF75 /* tap-mellow.aif in Resources */,
				3DBA115B1AD4393700A4EF75 /* beep-piano.aif in Resources */,
				3DBA11691AD4393700A4EF75 /* slide-metal.aif in Resources */,
				3DBA116E1AD4393700A4EF75 /* tap-crisp.aif in Resources */,
				3DBA115A1AD4393700A4EF75 /* beep-organ.aif in Resources */,
				3DBA11541AD4393700A4EF75 /* beep-brightpop.aif in Resources */,
				3DBA11651AD4393700A4EF75 /* beep-timber.aif in Resources */,
				3DBA11791AD4393700A4EF75 /* tap-scratchy.aif in Resources */,
				3DBA11601AD4393700A4EF75 /* beep-scrapy.aif in Resources */,
				3DBA11551AD4393700A4EF75 /* beep-glitchy.aif in Resources */,
				3DBA11561AD4393700A4EF75 /* beep-hightone.aif in Resources */,
				3DBA11751AD4393700A4EF75 /* tap-muted.aif in Resources */,
				3DBA116F1AD4393700A4EF75 /* tap-double.aif in Resources */,
				3DED5BE51AD077BA00F1DE5F /* Main.storyboard in Resources */,
				3DBA115C1AD4393700A4EF75 /* beep-plucked.aif in Resources */,
				3DBA11781AD4393700A4EF75 /* tap-resonant.aif in Resources */,
				3DBA115E1AD4393700A4EF75 /* beep-rejected.aif in Resources */,
				3DBA117F1AD4393700A4EF75 /* tap-warm.aif in Resources */,
				3DBA11711AD4393700A4EF75 /* tap-hollow.aif in Resources */,
				3DAE5B081AD46559004892CC /* punch.wav in Resources */,
				3DBA11721AD4393700A4EF75 /* tap-kissy.aif in Resources */,
				3DBA116C1AD4393700A4EF75 /* slide-rock.aif in Resources */,
				3DB6DEF01AC993620020497B /* LaunchScreen.xib in Resources */,
				3DBA11581AD4393700A4EF75 /* beep-horn.aif in Resources */,
				3DBA11741AD4393700A4EF75 /* tap-metallic.aif in Resources */,
				3DBA11771AD4393700A4EF75 /* tap-professional.aif in Resources */,
				3DAE5B101AD468A4004892CC /* Slap.mp3 in Resources */,
				3DBA11571AD4393700A4EF75 /* beep-holdtone.aif in Resources */,
				3DBA11531AD4393700A4EF75 /* beep-bop.aif in Resources */,
				3DBA11761AD4393700A4EF75 /* tap-percussive.aif in Resources */,
				3DBA11641AD4393700A4EF75 /* beep-tapped.aif in Resources */,
				3DBA11701AD4393700A4EF75 /* tap-fuzzy.aif in Resources */,
				3DBA116B1AD4393700A4EF75 /* slide-paper.aif in Resources */,
				3DB6DEED1AC993620020497B /* Images.xcassets in Resources */,
				3DBA115D1AD4393700A4EF75 /* beep-reedy.aif in Resources */,
				3DAE5B111AD468A4004892CC /* slapFight.wav in Resources */,
				3DBA11801AD4393700A4EF75 /* tap-wooden.aif in Resources */,
				3DBA116A1AD4393700A4EF75 /* slide-network.aif in Resources */,
				3DBA11591AD4393700A4EF75 /* beep-metallic.aif in Resources */,
				3DBA117C1AD4393700A4EF75 /* tap-smallest.aif in Resources */,
			);
			runOnlyForDeploymentPostprocessing = 0;
		};
		3DB6DEF31AC993620020497B /* Resources */ = {
			isa = PBXResourcesBuildPhase;
			buildActionMask = 2147483647;
			files = (
			);
			runOnlyForDeploymentPostprocessing = 0;
		};
/* End PBXResourcesBuildPhase section */

/* Begin PBXSourcesBuildPhase section */
		3DB6DEDC1AC993620020497B /* Sources */ = {
			isa = PBXSourcesBuildPhase;
			buildActionMask = 2147483647;
			files = (
				3DC463E01AD2A4A70034C34F /* MMDrawerVisualState.m in Sources */,
				3DB6907B1AD1B297007EFCEF /* MSDynamicsDrawerViewController.m in Sources */,
				3DB6DF661AC9AEDA0020497B /* MainTableViewCell.swift in Sources */,
				3DC463E31AD2A60F0034C34F /* FightsViewController.swift in Sources */,
				3DED5BE31AD0773A00F1DE5F /* MainTabController.swift in Sources */,
				3DF04FFA1AD318DD008B0260 /* EditProfileFormViewController.swift in Sources */,
				3DB6DF5B1AC9AEDA0020497B /* DropitViewController.swift in Sources */,
				3DB6DF6B1AC9AEDA0020497B /* MKUser.swift in Sources */,
				3DBA11851AD4399600A4EF75 /* UIControl+Sound.m in Sources */,
				3DB6DF811AC9AEF40020497B /* ZLSwipeableView.m in Sources */,
				3DBA11871AD4445100A4EF75 /* VersusCell.swift in Sources */,
				3DAE5B151AD46C90004892CC /* Shapes.swift in Sources */,
				3D8482C31ACB790D00D663DF /* LocateButton.swift in Sources */,
				3D56CAE01ACE0B21004759ED /* ISO3166CountryValueTransformer.swift in Sources */,
				3DB6DF741AC9AEDA0020497B /* SnatchedViewController.swift in Sources */,
				3DB6DF5C1AC9AEDA0020497B /* facebookLogIn.swift in Sources */,
				3DB6DF6C1AC9AEDA0020497B /* ModelController.swift in Sources */,
				3DC463E11AD2A4A70034C34F /* UIViewController+MMDrawerController.m in Sources */,
				3DB6DF571AC9AEDA0020497B /* CardView.swift in Sources */,
				3DB6DF671AC9AEDA0020497B /* MainTableViewController.swift in Sources */,
				3DB6DF5A1AC9AEDA0020497B /* DropitBehavior.swift in Sources */,
				3DB6DF5E1AC9AEDA0020497B /* FightsTableViewController.swift in Sources */,
				3DB6DF601AC9AEDA0020497B /* GangBangBehavior.swift in Sources */,
				3DB6DF591AC9AEDA0020497B /* DataViewController.swift in Sources */,
				3DAE5B131AD46A97004892CC /* RandomArray.swift in Sources */,
				3DB6DF751AC9AEDA0020497B /* SnatchesTableViewCell.swift in Sources */,
				3DB6DF611AC9AEDA0020497B /* GangBangViewController.swift in Sources */,
				3D8482C71ACC2D7D00D663DF /* YLProgressBar.m in Sources */,
				3DB6DF541AC9AEDA0020497B /* BezierPathsView.swift in Sources */,
				3DB6DF6D1AC9AEDA0020497B /* MyProfileViewController.swift in Sources */,
				3DF04FF81AD318C6008B0260 /* EditProfileForm.swift in Sources */,
				3DB6DF691AC9AEDA0020497B /* MainViewController.swift in Sources */,
				3DC463DE1AD2A4A70034C34F /* MMDrawerBarButtonItem.m in Sources */,
				3DB6DF5D1AC9AEDA0020497B /* FightsTableViewCell.swift in Sources */,
				3DB6DEE81AC993620020497B /* ViewController.swift in Sources */,
				3DC463E51AD2A65B0034C34F /* MenuViewController.swift in Sources */,
				3DB6DF791AC9AEDA0020497B /* SwipeViewController.swift in Sources */,
				3DB6DF731AC9AEDA0020497B /* SinglePostViewController.swift in Sources */,
				3DB6DF551AC9AEDA0020497B /* BouncerBehavior.swift in Sources */,
				3D8482AC1ACB2FAB00D663DF /* Colors.swift in Sources */,
				3DB6DF6F1AC9AEDA0020497B /* RegisterViewController.swift in Sources */,
				3D56CAE41ACE0CB3004759ED /* RegisterFormViewController.swift in Sources */,
				3DB6DF701AC9AEDA0020497B /* RootViewController.swift in Sources */,
				3D8482C11ACB74F300D663DF /* TWTButton.swift in Sources */,
				3D8482BE1ACB74F300D663DF /* AvatarImageView.swift in Sources */,
				3DB6907A1AD1B297007EFCEF /* MSDynamicsDrawerStyler.m in Sources */,
				3D56CADF1ACE0B21004759ED /* FXForms.m in Sources */,
				3DB6DF711AC9AEDA0020497B /* ScoreViewController.swift in Sources */,
				3DB6DF561AC9AEDA0020497B /* BouncerViewController.swift in Sources */,
				3DB6DF781AC9AEDA0020497B /* ParseAPI.swift in Sources */,
				3DB6DF6A1AC9AEDA0020497B /* MapViewController.swift in Sources */,
				3DB6DF531AC9AEDA0020497B /* AnnotationView.swift in Sources */,
				3DB6DF6E1AC9AEDA0020497B /* PostViewController.swift in Sources */,
				3DC463DF1AD2A4A70034C34F /* MMDrawerController.m in Sources */,
				3D8482BF1ACB74F300D663DF /* FXBlurView.m in Sources */,
				3D56CAE11ACE0B21004759ED /* RegistrationForm.swift in Sources */,
				3DB6DF721AC9AEDA0020497B /* SettingsViewController.swift in Sources */,
				3DF04FEE1AD2BA87008B0260 /* FightCellOrigin.swift in Sources */,
				3DB6DEE61AC993620020497B /* AppDelegate.swift in Sources */,
				3DB6DF651AC9AEDA0020497B /* MainNavigationController.swift in Sources */,
				3D56CAE21ACE0B21004759ED /* RegistrationFormViewController.swift in Sources */,
				3DB6DF801AC9AEF40020497B /* ZLPanGestureRecognizer.m in Sources */,
				3DF04FF31AD2C927008B0260 /* FightOpenViewController.swift in Sources */,
				3DB6DF621AC9AEDA0020497B /* GenericProfileViewController.swift in Sources */,
				3DB6DF7A1AC9AEDA0020497B /* TabBarController.swift in Sources */,
				3D56CAE61ACE0CE0004759ED /* RegisterForm.swift in Sources */,
				3DAE5B0A1AD4661B004892CC /* SoundAPI.swift in Sources */,
				3DB6DF761AC9AEDA0020497B /* SnatchesTableViewController.swift in Sources */,
				3DF04FF01AD2BAA8008B0260 /* FightCellRecipient.swift in Sources */,
				3D154F301AD5BCCD00C2AD82 /* VersusLabel.swift in Sources */,
				3DB6DF581AC9AEDA0020497B /* Constants.swift in Sources */,
				3DF04FEA1AD2AF65008B0260 /* MenuCell.swift in Sources */,
				3D8482C01ACB74F300D663DF /* VersusViewController.swift in Sources */,
			);
			runOnlyForDeploymentPostprocessing = 0;
		};
		3DB6DEF11AC993620020497B /* Sources */ = {
			isa = PBXSourcesBuildPhase;
			buildActionMask = 2147483647;
			files = (
				3DB6DEFC1AC993620020497B /* HitThatTests.swift in Sources */,
			);
			runOnlyForDeploymentPostprocessing = 0;
		};
/* End PBXSourcesBuildPhase section */

/* Begin PBXTargetDependency section */
		3DB6DEF71AC993620020497B /* PBXTargetDependency */ = {
			isa = PBXTargetDependency;
			target = 3DB6DEDF1AC993620020497B /* HitThat */;
			targetProxy = 3DB6DEF61AC993620020497B /* PBXContainerItemProxy */;
		};
/* End PBXTargetDependency section */

/* Begin PBXVariantGroup section */
		3DB6DEE91AC993620020497B /* Old.storyboard */ = {
			isa = PBXVariantGroup;
			children = (
				3DB6DEEA1AC993620020497B /* Base */,
			);
			name = Old.storyboard;
			sourceTree = "<group>";
		};
		3DB6DEEE1AC993620020497B /* LaunchScreen.xib */ = {
			isa = PBXVariantGroup;
			children = (
				3DB6DEEF1AC993620020497B /* Base */,
			);
			name = LaunchScreen.xib;
			sourceTree = "<group>";
		};
/* End PBXVariantGroup section */

/* Begin XCBuildConfiguration section */
		3DB6DEFD1AC993620020497B /* Debug */ = {
			isa = XCBuildConfiguration;
			buildSettings = {
				ALWAYS_SEARCH_USER_PATHS = NO;
				CLANG_CXX_LANGUAGE_STANDARD = "gnu++0x";
				CLANG_CXX_LIBRARY = "libc++";
				CLANG_ENABLE_MODULES = YES;
				CLANG_ENABLE_OBJC_ARC = YES;
				CLANG_WARN_BOOL_CONVERSION = YES;
				CLANG_WARN_CONSTANT_CONVERSION = YES;
				CLANG_WARN_DIRECT_OBJC_ISA_USAGE = YES_ERROR;
				CLANG_WARN_EMPTY_BODY = YES;
				CLANG_WARN_ENUM_CONVERSION = YES;
				CLANG_WARN_INT_CONVERSION = YES;
				CLANG_WARN_OBJC_ROOT_CLASS = YES_ERROR;
				CLANG_WARN_UNREACHABLE_CODE = YES;
				CLANG_WARN__DUPLICATE_METHOD_MATCH = YES;
				CODE_SIGN_IDENTITY = "iPhone Developer: Jake Seaton (8UTRU8L8GK)";
				"CODE_SIGN_IDENTITY[sdk=iphoneos*]" = "iPhone Developer: Jake Seaton (8UTRU8L8GK)";
				COPY_PHASE_STRIP = NO;
				ENABLE_STRICT_OBJC_MSGSEND = YES;
				GCC_C_LANGUAGE_STANDARD = gnu99;
				GCC_DYNAMIC_NO_PIC = NO;
				GCC_OPTIMIZATION_LEVEL = 0;
				GCC_PREPROCESSOR_DEFINITIONS = (
					"DEBUG=1",
					"$(inherited)",
				);
				GCC_SYMBOLS_PRIVATE_EXTERN = NO;
				GCC_WARN_64_TO_32_BIT_CONVERSION = YES;
				GCC_WARN_ABOUT_RETURN_TYPE = YES_ERROR;
				GCC_WARN_UNDECLARED_SELECTOR = YES;
				GCC_WARN_UNINITIALIZED_AUTOS = YES_AGGRESSIVE;
				GCC_WARN_UNUSED_FUNCTION = YES;
				GCC_WARN_UNUSED_VARIABLE = YES;
				IPHONEOS_DEPLOYMENT_TARGET = 8.2;
				MTL_ENABLE_DEBUG_INFO = YES;
				ONLY_ACTIVE_ARCH = YES;
				SDKROOT = iphoneos;
				SWIFT_OPTIMIZATION_LEVEL = "-Onone";
				TARGETED_DEVICE_FAMILY = "1,2";
			};
			name = Debug;
		};
		3DB6DEFE1AC993620020497B /* Release */ = {
			isa = XCBuildConfiguration;
			buildSettings = {
				ALWAYS_SEARCH_USER_PATHS = NO;
				CLANG_CXX_LANGUAGE_STANDARD = "gnu++0x";
				CLANG_CXX_LIBRARY = "libc++";
				CLANG_ENABLE_MODULES = YES;
				CLANG_ENABLE_OBJC_ARC = YES;
				CLANG_WARN_BOOL_CONVERSION = YES;
				CLANG_WARN_CONSTANT_CONVERSION = YES;
				CLANG_WARN_DIRECT_OBJC_ISA_USAGE = YES_ERROR;
				CLANG_WARN_EMPTY_BODY = YES;
				CLANG_WARN_ENUM_CONVERSION = YES;
				CLANG_WARN_INT_CONVERSION = YES;
				CLANG_WARN_OBJC_ROOT_CLASS = YES_ERROR;
				CLANG_WARN_UNREACHABLE_CODE = YES;
				CLANG_WARN__DUPLICATE_METHOD_MATCH = YES;
				CODE_SIGN_IDENTITY = "iPhone Developer: Jake Seaton (8UTRU8L8GK)";
				"CODE_SIGN_IDENTITY[sdk=iphoneos*]" = "iPhone Developer: Jake Seaton (8UTRU8L8GK)";
				COPY_PHASE_STRIP = NO;
				ENABLE_NS_ASSERTIONS = NO;
				ENABLE_STRICT_OBJC_MSGSEND = YES;
				GCC_C_LANGUAGE_STANDARD = gnu99;
				GCC_WARN_64_TO_32_BIT_CONVERSION = YES;
				GCC_WARN_ABOUT_RETURN_TYPE = YES_ERROR;
				GCC_WARN_UNDECLARED_SELECTOR = YES;
				GCC_WARN_UNINITIALIZED_AUTOS = YES_AGGRESSIVE;
				GCC_WARN_UNUSED_FUNCTION = YES;
				GCC_WARN_UNUSED_VARIABLE = YES;
				IPHONEOS_DEPLOYMENT_TARGET = 8.2;
				MTL_ENABLE_DEBUG_INFO = NO;
				SDKROOT = iphoneos;
				TARGETED_DEVICE_FAMILY = "1,2";
				VALIDATE_PRODUCT = YES;
			};
			name = Release;
		};
		3DB6DF001AC993620020497B /* Debug */ = {
			isa = XCBuildConfiguration;
			buildSettings = {
				ASSETCATALOG_COMPILER_APPICON_NAME = AppIcon;
				CLANG_ENABLE_MODULES = YES;
				CODE_SIGN_IDENTITY = "iPhone Developer: Jake Seaton (8UTRU8L8GK)";
				FRAMEWORK_SEARCH_PATHS = (
					"$(inherited)",
					"$(PROJECT_DIR)/HitThat",
				);
				INFOPLIST_FILE = HitThat/Info.plist;
				LD_RUNPATH_SEARCH_PATHS = "$(inherited) @executable_path/Frameworks";
				PRODUCT_NAME = "$(TARGET_NAME)";
				SWIFT_OBJC_BRIDGING_HEADER = "HitThat/HitThat-Bridging-Header.h";
				SWIFT_OPTIMIZATION_LEVEL = "-Onone";
			};
			name = Debug;
		};
		3DB6DF011AC993620020497B /* Release */ = {
			isa = XCBuildConfiguration;
			buildSettings = {
				ASSETCATALOG_COMPILER_APPICON_NAME = AppIcon;
				CLANG_ENABLE_MODULES = YES;
				CODE_SIGN_IDENTITY = "iPhone Developer: Jake Seaton (8UTRU8L8GK)";
				FRAMEWORK_SEARCH_PATHS = (
					"$(inherited)",
					"$(PROJECT_DIR)/HitThat",
				);
				INFOPLIST_FILE = HitThat/Info.plist;
				LD_RUNPATH_SEARCH_PATHS = "$(inherited) @executable_path/Frameworks";
				PRODUCT_NAME = "$(TARGET_NAME)";
				SWIFT_OBJC_BRIDGING_HEADER = "HitThat/HitThat-Bridging-Header.h";
			};
			name = Release;
		};
		3DB6DF031AC993620020497B /* Debug */ = {
			isa = XCBuildConfiguration;
			buildSettings = {
				BUNDLE_LOADER = "$(TEST_HOST)";
				FRAMEWORK_SEARCH_PATHS = (
					"$(SDKROOT)/Developer/Library/Frameworks",
					"$(inherited)",
				);
				GCC_PREPROCESSOR_DEFINITIONS = (
					"DEBUG=1",
					"$(inherited)",
				);
				INFOPLIST_FILE = HitThatTests/Info.plist;
				LD_RUNPATH_SEARCH_PATHS = "$(inherited) @executable_path/Frameworks @loader_path/Frameworks";
				PRODUCT_NAME = "$(TARGET_NAME)";
				TEST_HOST = "$(BUILT_PRODUCTS_DIR)/HitThat.app/HitThat";
			};
			name = Debug;
		};
		3DB6DF041AC993620020497B /* Release */ = {
			isa = XCBuildConfiguration;
			buildSettings = {
				BUNDLE_LOADER = "$(TEST_HOST)";
				FRAMEWORK_SEARCH_PATHS = (
					"$(SDKROOT)/Developer/Library/Frameworks",
					"$(inherited)",
				);
				INFOPLIST_FILE = HitThatTests/Info.plist;
				LD_RUNPATH_SEARCH_PATHS = "$(inherited) @executable_path/Frameworks @loader_path/Frameworks";
				PRODUCT_NAME = "$(TARGET_NAME)";
				TEST_HOST = "$(BUILT_PRODUCTS_DIR)/HitThat.app/HitThat";
			};
			name = Release;
		};
/* End XCBuildConfiguration section */

/* Begin XCConfigurationList section */
		3DB6DEDB1AC993620020497B /* Build configuration list for PBXProject "HitThat" */ = {
			isa = XCConfigurationList;
			buildConfigurations = (
				3DB6DEFD1AC993620020497B /* Debug */,
				3DB6DEFE1AC993620020497B /* Release */,
			);
			defaultConfigurationIsVisible = 0;
			defaultConfigurationName = Release;
		};
		3DB6DEFF1AC993620020497B /* Build configuration list for PBXNativeTarget "HitThat" */ = {
			isa = XCConfigurationList;
			buildConfigurations = (
				3DB6DF001AC993620020497B /* Debug */,
				3DB6DF011AC993620020497B /* Release */,
			);
			defaultConfigurationIsVisible = 0;
			defaultConfigurationName = Release;
		};
		3DB6DF021AC993620020497B /* Build configuration list for PBXNativeTarget "HitThatTests" */ = {
			isa = XCConfigurationList;
			buildConfigurations = (
				3DB6DF031AC993620020497B /* Debug */,
				3DB6DF041AC993620020497B /* Release */,
			);
			defaultConfigurationIsVisible = 0;
			defaultConfigurationName = Release;
		};
/* End XCConfigurationList section */
	};
	rootObject = 3DB6DED81AC993620020497B /* Project object */;
}
